
Microsoft Visual Studio Solution File, Format Version 12.00
# Visual Studio 15
VisualStudioVersion = 15.0.27130.2020
MinimumVisualStudioVersion = 10.0.40219.1
Project("{FAE04EC0-301F-11D3-BF4B-00C04F79EFBC}") = "WpfAppStudents", "WpfAppStudents\WpfAppStudents.csproj", "{1B600A3C-E6CF-46A0-BC24-724F8DD2489B}"
EndProject
Project("{FAE04EC0-301F-11D3-BF4B-00C04F79EFBC}") = "WpfAppCounter", "WpfAppCounter\WpfAppCounter.csproj", "{B209F740-79E6-49BD-9B47-9218CA6F0588}"
EndProject
Project("{FAE04EC0-301F-11D3-BF4B-00C04F79EFBC}") = "WpfAppListOfNumbers", "WpfAppListOfNumbers\WpfAppListOfNumbers.csproj", "{DEC6E8F4-14D3-4D98-8FFA-01D6587774EE}"
EndProject
Project("{FAE04EC0-301F-11D3-BF4B-00C04F79EFBC}") = "WpfAppStudentTemplate", "WpfAppStudentTemplate\WpfAppStudentTemplate.csproj", "{07EAF3DE-3A1A-431A-9ABD-5521BB40FEE6}"
EndProject
Project("{FAE04EC0-301F-11D3-BF4B-00C04F79EFBC}") = "UwpAppStudents", "UwpAppStudents\UwpAppStudents.csproj", "{9A0E7A1F-18D3-4D57-B230-78D458143621}"
EndProject
Project("{FAE04EC0-301F-11D3-BF4B-00C04F79EFBC}") = "UwpAppStudentsXBind", "UwpAppStudentsXBind\UwpAppStudentsXBind.csproj", "{E9832E62-2866-4792-AA05-6BCA6B993967}"
EndProject
Project("{D954291E-2A0B-460D-934E-DC6B0785DB48}") = "CrossPlatformStudents", "CrossPlatformStudents\CrossPlatformStudents\CrossPlatformStudents.shproj", "{3D8D7730-C4EF-428F-BBC5-22D31BC7F7E3}"
EndProject
Project("{FAE04EC0-301F-11D3-BF4B-00C04F79EFBC}") = "CrossPlatformStudents.iOS", "CrossPlatformStudents\CrossPlatformStudents.iOS\CrossPlatformStudents.iOS.csproj", "{17961CD9-DAAA-4259-8075-5D30D12716AF}"
EndProject
Project("{FAE04EC0-301F-11D3-BF4B-00C04F79EFBC}") = "CrossPlatformStudents.UWP", "CrossPlatformStudents\CrossPlatformStudents.UWP\CrossPlatformStudents.UWP.csproj", "{04A4DBF6-BB9C-4B79-AFE3-3B9702CC7FAA}"
EndProject
Project("{2150E333-8FDC-42A3-9474-1A3956D46DE8}") = "CrossPlatformStudents", "CrossPlatformStudents", "{6F612D30-F789-4F72-8024-E02E4703333D}"
EndProject
Project("{2150E333-8FDC-42A3-9474-1A3956D46DE8}") = "Uwp", "Uwp", "{D09C9607-D7E8-424D-A9CD-15151B3C0B74}"
EndProject
Project("{2150E333-8FDC-42A3-9474-1A3956D46DE8}") = "Wpf", "Wpf", "{3BBBD011-F4E2-4A33-B5E2-898484AD00A1}"
EndProject
Project("{FAE04EC0-301F-11D3-BF4B-00C04F79EFBC}") = "CrossPlatformStudents.Android", "CrossPlatformStudents\CrossPlatformStudents.Android\CrossPlatformStudents.Android.csproj", "{8835C1A6-5EAF-485A-B002-F86F10B9BFD7}"
EndProject
Project("{2150E333-8FDC-42A3-9474-1A3956D46DE8}") = "CrossPlaformNavigation", "CrossPlaformNavigation", "{C6AA4D1A-C1E2-4F68-A945-89C853B52546}"
EndProject
Project("{D954291E-2A0B-460D-934E-DC6B0785DB48}") = "CrossPlatformNavigation", "CrossPlatformNavigation\CrossPlatformNavigation\CrossPlatformNavigation.shproj", "{C2369662-B359-47B0-B21E-89F39E6C5168}"
EndProject
Project("{FAE04EC0-301F-11D3-BF4B-00C04F79EFBC}") = "CrossPlatformNavigation.Android", "CrossPlatformNavigation\CrossPlatformNavigation.Android\CrossPlatformNavigation.Android.csproj", "{48317D17-ED72-41B5-B189-F9DADF3A2C86}"
EndProject
Project("{FAE04EC0-301F-11D3-BF4B-00C04F79EFBC}") = "CrossPlatformNavigation.iOS", "CrossPlatformNavigation\CrossPlatformNavigation.iOS\CrossPlatformNavigation.iOS.csproj", "{46913917-D118-4809-863B-4FBC86246379}"
EndProject
Project("{FAE04EC0-301F-11D3-BF4B-00C04F79EFBC}") = "CrossPlatformNavigation.UWP", "CrossPlatformNavigation\CrossPlatformNavigation.UWP\CrossPlatformNavigation.UWP.csproj", "{D72F8DC7-F97D-4184-94C8-8075F6314245}"
EndProject
Project("{2150E333-8FDC-42A3-9474-1A3956D46DE8}") = "CrossPlatform", "CrossPlatform", "{DA363090-851E-448F-8409-0B87FAFCB3BF}"
EndProject
Project("{2150E333-8FDC-42A3-9474-1A3956D46DE8}") = "Exam", "Exam", "{57C9D339-400B-4B46-A43A-A8CD0348A147}"
EndProject
Project("{FAE04EC0-301F-11D3-BF4B-00C04F79EFBC}") = "WpfExam", "WpfExam\WpfExam.csproj", "{B9968AB5-16D5-4B81-BB9D-E3BA2A7C9FBE}"
EndProject
Global
	GlobalSection(SharedMSBuildProjectFiles) = preSolution
		CrossPlatformStudents\CrossPlatformStudents\CrossPlatformStudents.projitems*{04a4dbf6-bb9c-4b79-afe3-3b9702cc7faa}*SharedItemsImports = 4
		CrossPlatformStudents\CrossPlatformStudents\CrossPlatformStudents.projitems*{17961cd9-daaa-4259-8075-5d30d12716af}*SharedItemsImports = 4
		CrossPlatformStudents\CrossPlatformStudents\CrossPlatformStudents.projitems*{3d8d7730-c4ef-428f-bbc5-22d31bc7f7e3}*SharedItemsImports = 13
		CrossPlatformNavigation\CrossPlatformNavigation\CrossPlatformNavigation.projitems*{46913917-d118-4809-863b-4fbc86246379}*SharedItemsImports = 4
		CrossPlatformNavigation\CrossPlatformNavigation\CrossPlatformNavigation.projitems*{48317d17-ed72-41b5-b189-f9dadf3a2c86}*SharedItemsImports = 4
		CrossPlatformStudents\CrossPlatformStudents\CrossPlatformStudents.projitems*{8835c1a6-5eaf-485a-b002-f86f10b9bfd7}*SharedItemsImports = 4
		CrossPlatformNavigation\CrossPlatformNavigation\CrossPlatformNavigation.projitems*{c2369662-b359-47b0-b21e-89f39e6c5168}*SharedItemsImports = 13
		CrossPlatformNavigation\CrossPlatformNavigation\CrossPlatformNavigation.projitems*{d72f8dc7-f97d-4184-94c8-8075f6314245}*SharedItemsImports = 4
	EndGlobalSection
	GlobalSection(SolutionConfigurationPlatforms) = preSolution
		Ad-Hoc|Any CPU = Ad-Hoc|Any CPU
		Ad-Hoc|ARM = Ad-Hoc|ARM
		Ad-Hoc|iPhone = Ad-Hoc|iPhone
		Ad-Hoc|iPhoneSimulator = Ad-Hoc|iPhoneSimulator
		Ad-Hoc|x64 = Ad-Hoc|x64
		Ad-Hoc|x86 = Ad-Hoc|x86
		AppStore|Any CPU = AppStore|Any CPU
		AppStore|ARM = AppStore|ARM
		AppStore|iPhone = AppStore|iPhone
		AppStore|iPhoneSimulator = AppStore|iPhoneSimulator
		AppStore|x64 = AppStore|x64
		AppStore|x86 = AppStore|x86
		Debug|Any CPU = Debug|Any CPU
		Debug|ARM = Debug|ARM
		Debug|iPhone = Debug|iPhone
		Debug|iPhoneSimulator = Debug|iPhoneSimulator
		Debug|x64 = Debug|x64
		Debug|x86 = Debug|x86
		Release|Any CPU = Release|Any CPU
		Release|ARM = Release|ARM
		Release|iPhone = Release|iPhone
		Release|iPhoneSimulator = Release|iPhoneSimulator
		Release|x64 = Release|x64
		Release|x86 = Release|x86
	EndGlobalSection
	GlobalSection(ProjectConfigurationPlatforms) = postSolution
		{1B600A3C-E6CF-46A0-BC24-724F8DD2489B}.Ad-Hoc|Any CPU.ActiveCfg = Release|Any CPU
		{1B600A3C-E6CF-46A0-BC24-724F8DD2489B}.Ad-Hoc|Any CPU.Build.0 = Release|Any CPU
		{1B600A3C-E6CF-46A0-BC24-724F8DD2489B}.Ad-Hoc|ARM.ActiveCfg = Release|Any CPU
		{1B600A3C-E6CF-46A0-BC24-724F8DD2489B}.Ad-Hoc|ARM.Build.0 = Release|Any CPU
		{1B600A3C-E6CF-46A0-BC24-724F8DD2489B}.Ad-Hoc|iPhone.ActiveCfg = Release|Any CPU
		{1B600A3C-E6CF-46A0-BC24-724F8DD2489B}.Ad-Hoc|iPhone.Build.0 = Release|Any CPU
		{1B600A3C-E6CF-46A0-BC24-724F8DD2489B}.Ad-Hoc|iPhoneSimulator.ActiveCfg = Release|Any CPU
		{1B600A3C-E6CF-46A0-BC24-724F8DD2489B}.Ad-Hoc|iPhoneSimulator.Build.0 = Release|Any CPU
		{1B600A3C-E6CF-46A0-BC24-724F8DD2489B}.Ad-Hoc|x64.ActiveCfg = Release|Any CPU
		{1B600A3C-E6CF-46A0-BC24-724F8DD2489B}.Ad-Hoc|x64.Build.0 = Release|Any CPU
		{1B600A3C-E6CF-46A0-BC24-724F8DD2489B}.Ad-Hoc|x86.ActiveCfg = Release|Any CPU
		{1B600A3C-E6CF-46A0-BC24-724F8DD2489B}.Ad-Hoc|x86.Build.0 = Release|Any CPU
		{1B600A3C-E6CF-46A0-BC24-724F8DD2489B}.AppStore|Any CPU.ActiveCfg = Release|Any CPU
		{1B600A3C-E6CF-46A0-BC24-724F8DD2489B}.AppStore|Any CPU.Build.0 = Release|Any CPU
		{1B600A3C-E6CF-46A0-BC24-724F8DD2489B}.AppStore|ARM.ActiveCfg = Release|Any CPU
		{1B600A3C-E6CF-46A0-BC24-724F8DD2489B}.AppStore|ARM.Build.0 = Release|Any CPU
		{1B600A3C-E6CF-46A0-BC24-724F8DD2489B}.AppStore|iPhone.ActiveCfg = Release|Any CPU
		{1B600A3C-E6CF-46A0-BC24-724F8DD2489B}.AppStore|iPhone.Build.0 = Release|Any CPU
		{1B600A3C-E6CF-46A0-BC24-724F8DD2489B}.AppStore|iPhoneSimulator.ActiveCfg = Release|Any CPU
		{1B600A3C-E6CF-46A0-BC24-724F8DD2489B}.AppStore|iPhoneSimulator.Build.0 = Release|Any CPU
		{1B600A3C-E6CF-46A0-BC24-724F8DD2489B}.AppStore|x64.ActiveCfg = Release|Any CPU
		{1B600A3C-E6CF-46A0-BC24-724F8DD2489B}.AppStore|x64.Build.0 = Release|Any CPU
		{1B600A3C-E6CF-46A0-BC24-724F8DD2489B}.AppStore|x86.ActiveCfg = Release|Any CPU
		{1B600A3C-E6CF-46A0-BC24-724F8DD2489B}.AppStore|x86.Build.0 = Release|Any CPU
		{1B600A3C-E6CF-46A0-BC24-724F8DD2489B}.Debug|Any CPU.ActiveCfg = Debug|Any CPU
		{1B600A3C-E6CF-46A0-BC24-724F8DD2489B}.Debug|Any CPU.Build.0 = Debug|Any CPU
		{1B600A3C-E6CF-46A0-BC24-724F8DD2489B}.Debug|ARM.ActiveCfg = Debug|Any CPU
		{1B600A3C-E6CF-46A0-BC24-724F8DD2489B}.Debug|ARM.Build.0 = Debug|Any CPU
		{1B600A3C-E6CF-46A0-BC24-724F8DD2489B}.Debug|iPhone.ActiveCfg = Debug|Any CPU
		{1B600A3C-E6CF-46A0-BC24-724F8DD2489B}.Debug|iPhone.Build.0 = Debug|Any CPU
		{1B600A3C-E6CF-46A0-BC24-724F8DD2489B}.Debug|iPhoneSimulator.ActiveCfg = Debug|Any CPU
		{1B600A3C-E6CF-46A0-BC24-724F8DD2489B}.Debug|iPhoneSimulator.Build.0 = Debug|Any CPU
		{1B600A3C-E6CF-46A0-BC24-724F8DD2489B}.Debug|x64.ActiveCfg = Debug|Any CPU
		{1B600A3C-E6CF-46A0-BC24-724F8DD2489B}.Debug|x64.Build.0 = Debug|Any CPU
		{1B600A3C-E6CF-46A0-BC24-724F8DD2489B}.Debug|x86.ActiveCfg = Debug|Any CPU
		{1B600A3C-E6CF-46A0-BC24-724F8DD2489B}.Debug|x86.Build.0 = Debug|Any CPU
		{1B600A3C-E6CF-46A0-BC24-724F8DD2489B}.Release|Any CPU.ActiveCfg = Release|Any CPU
		{1B600A3C-E6CF-46A0-BC24-724F8DD2489B}.Release|Any CPU.Build.0 = Release|Any CPU
		{1B600A3C-E6CF-46A0-BC24-724F8DD2489B}.Release|ARM.ActiveCfg = Release|Any CPU
		{1B600A3C-E6CF-46A0-BC24-724F8DD2489B}.Release|ARM.Build.0 = Release|Any CPU
		{1B600A3C-E6CF-46A0-BC24-724F8DD2489B}.Release|iPhone.ActiveCfg = Release|Any CPU
		{1B600A3C-E6CF-46A0-BC24-724F8DD2489B}.Release|iPhone.Build.0 = Release|Any CPU
		{1B600A3C-E6CF-46A0-BC24-724F8DD2489B}.Release|iPhoneSimulator.ActiveCfg = Release|Any CPU
		{1B600A3C-E6CF-46A0-BC24-724F8DD2489B}.Release|iPhoneSimulator.Build.0 = Release|Any CPU
		{1B600A3C-E6CF-46A0-BC24-724F8DD2489B}.Release|x64.ActiveCfg = Release|Any CPU
		{1B600A3C-E6CF-46A0-BC24-724F8DD2489B}.Release|x64.Build.0 = Release|Any CPU
		{1B600A3C-E6CF-46A0-BC24-724F8DD2489B}.Release|x86.ActiveCfg = Release|Any CPU
		{1B600A3C-E6CF-46A0-BC24-724F8DD2489B}.Release|x86.Build.0 = Release|Any CPU
		{B209F740-79E6-49BD-9B47-9218CA6F0588}.Ad-Hoc|Any CPU.ActiveCfg = Release|Any CPU
		{B209F740-79E6-49BD-9B47-9218CA6F0588}.Ad-Hoc|Any CPU.Build.0 = Release|Any CPU
		{B209F740-79E6-49BD-9B47-9218CA6F0588}.Ad-Hoc|ARM.ActiveCfg = Release|Any CPU
		{B209F740-79E6-49BD-9B47-9218CA6F0588}.Ad-Hoc|ARM.Build.0 = Release|Any CPU
		{B209F740-79E6-49BD-9B47-9218CA6F0588}.Ad-Hoc|iPhone.ActiveCfg = Release|Any CPU
		{B209F740-79E6-49BD-9B47-9218CA6F0588}.Ad-Hoc|iPhone.Build.0 = Release|Any CPU
		{B209F740-79E6-49BD-9B47-9218CA6F0588}.Ad-Hoc|iPhoneSimulator.ActiveCfg = Release|Any CPU
		{B209F740-79E6-49BD-9B47-9218CA6F0588}.Ad-Hoc|iPhoneSimulator.Build.0 = Release|Any CPU
		{B209F740-79E6-49BD-9B47-9218CA6F0588}.Ad-Hoc|x64.ActiveCfg = Release|Any CPU
		{B209F740-79E6-49BD-9B47-9218CA6F0588}.Ad-Hoc|x64.Build.0 = Release|Any CPU
		{B209F740-79E6-49BD-9B47-9218CA6F0588}.Ad-Hoc|x86.ActiveCfg = Release|Any CPU
		{B209F740-79E6-49BD-9B47-9218CA6F0588}.Ad-Hoc|x86.Build.0 = Release|Any CPU
		{B209F740-79E6-49BD-9B47-9218CA6F0588}.AppStore|Any CPU.ActiveCfg = Release|Any CPU
		{B209F740-79E6-49BD-9B47-9218CA6F0588}.AppStore|Any CPU.Build.0 = Release|Any CPU
		{B209F740-79E6-49BD-9B47-9218CA6F0588}.AppStore|ARM.ActiveCfg = Release|Any CPU
		{B209F740-79E6-49BD-9B47-9218CA6F0588}.AppStore|ARM.Build.0 = Release|Any CPU
		{B209F740-79E6-49BD-9B47-9218CA6F0588}.AppStore|iPhone.ActiveCfg = Release|Any CPU
		{B209F740-79E6-49BD-9B47-9218CA6F0588}.AppStore|iPhone.Build.0 = Release|Any CPU
		{B209F740-79E6-49BD-9B47-9218CA6F0588}.AppStore|iPhoneSimulator.ActiveCfg = Release|Any CPU
		{B209F740-79E6-49BD-9B47-9218CA6F0588}.AppStore|iPhoneSimulator.Build.0 = Release|Any CPU
		{B209F740-79E6-49BD-9B47-9218CA6F0588}.AppStore|x64.ActiveCfg = Release|Any CPU
		{B209F740-79E6-49BD-9B47-9218CA6F0588}.AppStore|x64.Build.0 = Release|Any CPU
		{B209F740-79E6-49BD-9B47-9218CA6F0588}.AppStore|x86.ActiveCfg = Release|Any CPU
		{B209F740-79E6-49BD-9B47-9218CA6F0588}.AppStore|x86.Build.0 = Release|Any CPU
		{B209F740-79E6-49BD-9B47-9218CA6F0588}.Debug|Any CPU.ActiveCfg = Debug|Any CPU
		{B209F740-79E6-49BD-9B47-9218CA6F0588}.Debug|Any CPU.Build.0 = Debug|Any CPU
		{B209F740-79E6-49BD-9B47-9218CA6F0588}.Debug|ARM.ActiveCfg = Debug|Any CPU
		{B209F740-79E6-49BD-9B47-9218CA6F0588}.Debug|ARM.Build.0 = Debug|Any CPU
		{B209F740-79E6-49BD-9B47-9218CA6F0588}.Debug|iPhone.ActiveCfg = Debug|Any CPU
		{B209F740-79E6-49BD-9B47-9218CA6F0588}.Debug|iPhone.Build.0 = Debug|Any CPU
		{B209F740-79E6-49BD-9B47-9218CA6F0588}.Debug|iPhoneSimulator.ActiveCfg = Debug|Any CPU
		{B209F740-79E6-49BD-9B47-9218CA6F0588}.Debug|iPhoneSimulator.Build.0 = Debug|Any CPU
		{B209F740-79E6-49BD-9B47-9218CA6F0588}.Debug|x64.ActiveCfg = Debug|Any CPU
		{B209F740-79E6-49BD-9B47-9218CA6F0588}.Debug|x64.Build.0 = Debug|Any CPU
		{B209F740-79E6-49BD-9B47-9218CA6F0588}.Debug|x86.ActiveCfg = Debug|Any CPU
		{B209F740-79E6-49BD-9B47-9218CA6F0588}.Debug|x86.Build.0 = Debug|Any CPU
		{B209F740-79E6-49BD-9B47-9218CA6F0588}.Release|Any CPU.ActiveCfg = Release|Any CPU
		{B209F740-79E6-49BD-9B47-9218CA6F0588}.Release|Any CPU.Build.0 = Release|Any CPU
		{B209F740-79E6-49BD-9B47-9218CA6F0588}.Release|ARM.ActiveCfg = Release|Any CPU
		{B209F740-79E6-49BD-9B47-9218CA6F0588}.Release|ARM.Build.0 = Release|Any CPU
		{B209F740-79E6-49BD-9B47-9218CA6F0588}.Release|iPhone.ActiveCfg = Release|Any CPU
		{B209F740-79E6-49BD-9B47-9218CA6F0588}.Release|iPhone.Build.0 = Release|Any CPU
		{B209F740-79E6-49BD-9B47-9218CA6F0588}.Release|iPhoneSimulator.ActiveCfg = Release|Any CPU
		{B209F740-79E6-49BD-9B47-9218CA6F0588}.Release|iPhoneSimulator.Build.0 = Release|Any CPU
		{B209F740-79E6-49BD-9B47-9218CA6F0588}.Release|x64.ActiveCfg = Release|Any CPU
		{B209F740-79E6-49BD-9B47-9218CA6F0588}.Release|x64.Build.0 = Release|Any CPU
		{B209F740-79E6-49BD-9B47-9218CA6F0588}.Release|x86.ActiveCfg = Release|Any CPU
		{B209F740-79E6-49BD-9B47-9218CA6F0588}.Release|x86.Build.0 = Release|Any CPU
		{DEC6E8F4-14D3-4D98-8FFA-01D6587774EE}.Ad-Hoc|Any CPU.ActiveCfg = Release|Any CPU
		{DEC6E8F4-14D3-4D98-8FFA-01D6587774EE}.Ad-Hoc|Any CPU.Build.0 = Release|Any CPU
		{DEC6E8F4-14D3-4D98-8FFA-01D6587774EE}.Ad-Hoc|ARM.ActiveCfg = Release|Any CPU
		{DEC6E8F4-14D3-4D98-8FFA-01D6587774EE}.Ad-Hoc|ARM.Build.0 = Release|Any CPU
		{DEC6E8F4-14D3-4D98-8FFA-01D6587774EE}.Ad-Hoc|iPhone.ActiveCfg = Release|Any CPU
		{DEC6E8F4-14D3-4D98-8FFA-01D6587774EE}.Ad-Hoc|iPhone.Build.0 = Release|Any CPU
		{DEC6E8F4-14D3-4D98-8FFA-01D6587774EE}.Ad-Hoc|iPhoneSimulator.ActiveCfg = Release|Any CPU
		{DEC6E8F4-14D3-4D98-8FFA-01D6587774EE}.Ad-Hoc|iPhoneSimulator.Build.0 = Release|Any CPU
		{DEC6E8F4-14D3-4D98-8FFA-01D6587774EE}.Ad-Hoc|x64.ActiveCfg = Release|Any CPU
		{DEC6E8F4-14D3-4D98-8FFA-01D6587774EE}.Ad-Hoc|x64.Build.0 = Release|Any CPU
		{DEC6E8F4-14D3-4D98-8FFA-01D6587774EE}.Ad-Hoc|x86.ActiveCfg = Release|Any CPU
		{DEC6E8F4-14D3-4D98-8FFA-01D6587774EE}.Ad-Hoc|x86.Build.0 = Release|Any CPU
		{DEC6E8F4-14D3-4D98-8FFA-01D6587774EE}.AppStore|Any CPU.ActiveCfg = Release|Any CPU
		{DEC6E8F4-14D3-4D98-8FFA-01D6587774EE}.AppStore|Any CPU.Build.0 = Release|Any CPU
		{DEC6E8F4-14D3-4D98-8FFA-01D6587774EE}.AppStore|ARM.ActiveCfg = Release|Any CPU
		{DEC6E8F4-14D3-4D98-8FFA-01D6587774EE}.AppStore|ARM.Build.0 = Release|Any CPU
		{DEC6E8F4-14D3-4D98-8FFA-01D6587774EE}.AppStore|iPhone.ActiveCfg = Release|Any CPU
		{DEC6E8F4-14D3-4D98-8FFA-01D6587774EE}.AppStore|iPhone.Build.0 = Release|Any CPU
		{DEC6E8F4-14D3-4D98-8FFA-01D6587774EE}.AppStore|iPhoneSimulator.ActiveCfg = Release|Any CPU
		{DEC6E8F4-14D3-4D98-8FFA-01D6587774EE}.AppStore|iPhoneSimulator.Build.0 = Release|Any CPU
		{DEC6E8F4-14D3-4D98-8FFA-01D6587774EE}.AppStore|x64.ActiveCfg = Release|Any CPU
		{DEC6E8F4-14D3-4D98-8FFA-01D6587774EE}.AppStore|x64.Build.0 = Release|Any CPU
		{DEC6E8F4-14D3-4D98-8FFA-01D6587774EE}.AppStore|x86.ActiveCfg = Release|Any CPU
		{DEC6E8F4-14D3-4D98-8FFA-01D6587774EE}.AppStore|x86.Build.0 = Release|Any CPU
		{DEC6E8F4-14D3-4D98-8FFA-01D6587774EE}.Debug|Any CPU.ActiveCfg = Debug|Any CPU
		{DEC6E8F4-14D3-4D98-8FFA-01D6587774EE}.Debug|Any CPU.Build.0 = Debug|Any CPU
		{DEC6E8F4-14D3-4D98-8FFA-01D6587774EE}.Debug|ARM.ActiveCfg = Debug|Any CPU
		{DEC6E8F4-14D3-4D98-8FFA-01D6587774EE}.Debug|ARM.Build.0 = Debug|Any CPU
		{DEC6E8F4-14D3-4D98-8FFA-01D6587774EE}.Debug|iPhone.ActiveCfg = Debug|Any CPU
		{DEC6E8F4-14D3-4D98-8FFA-01D6587774EE}.Debug|iPhone.Build.0 = Debug|Any CPU
		{DEC6E8F4-14D3-4D98-8FFA-01D6587774EE}.Debug|iPhoneSimulator.ActiveCfg = Debug|Any CPU
		{DEC6E8F4-14D3-4D98-8FFA-01D6587774EE}.Debug|iPhoneSimulator.Build.0 = Debug|Any CPU
		{DEC6E8F4-14D3-4D98-8FFA-01D6587774EE}.Debug|x64.ActiveCfg = Debug|Any CPU
		{DEC6E8F4-14D3-4D98-8FFA-01D6587774EE}.Debug|x64.Build.0 = Debug|Any CPU
		{DEC6E8F4-14D3-4D98-8FFA-01D6587774EE}.Debug|x86.ActiveCfg = Debug|Any CPU
		{DEC6E8F4-14D3-4D98-8FFA-01D6587774EE}.Debug|x86.Build.0 = Debug|Any CPU
		{DEC6E8F4-14D3-4D98-8FFA-01D6587774EE}.Release|Any CPU.ActiveCfg = Release|Any CPU
		{DEC6E8F4-14D3-4D98-8FFA-01D6587774EE}.Release|Any CPU.Build.0 = Release|Any CPU
		{DEC6E8F4-14D3-4D98-8FFA-01D6587774EE}.Release|ARM.ActiveCfg = Release|Any CPU
		{DEC6E8F4-14D3-4D98-8FFA-01D6587774EE}.Release|ARM.Build.0 = Release|Any CPU
		{DEC6E8F4-14D3-4D98-8FFA-01D6587774EE}.Release|iPhone.ActiveCfg = Release|Any CPU
		{DEC6E8F4-14D3-4D98-8FFA-01D6587774EE}.Release|iPhone.Build.0 = Release|Any CPU
		{DEC6E8F4-14D3-4D98-8FFA-01D6587774EE}.Release|iPhoneSimulator.ActiveCfg = Release|Any CPU
		{DEC6E8F4-14D3-4D98-8FFA-01D6587774EE}.Release|iPhoneSimulator.Build.0 = Release|Any CPU
		{DEC6E8F4-14D3-4D98-8FFA-01D6587774EE}.Release|x64.ActiveCfg = Release|Any CPU
		{DEC6E8F4-14D3-4D98-8FFA-01D6587774EE}.Release|x64.Build.0 = Release|Any CPU
		{DEC6E8F4-14D3-4D98-8FFA-01D6587774EE}.Release|x86.ActiveCfg = Release|Any CPU
		{DEC6E8F4-14D3-4D98-8FFA-01D6587774EE}.Release|x86.Build.0 = Release|Any CPU
		{07EAF3DE-3A1A-431A-9ABD-5521BB40FEE6}.Ad-Hoc|Any CPU.ActiveCfg = Release|Any CPU
		{07EAF3DE-3A1A-431A-9ABD-5521BB40FEE6}.Ad-Hoc|Any CPU.Build.0 = Release|Any CPU
		{07EAF3DE-3A1A-431A-9ABD-5521BB40FEE6}.Ad-Hoc|ARM.ActiveCfg = Release|Any CPU
		{07EAF3DE-3A1A-431A-9ABD-5521BB40FEE6}.Ad-Hoc|ARM.Build.0 = Release|Any CPU
		{07EAF3DE-3A1A-431A-9ABD-5521BB40FEE6}.Ad-Hoc|iPhone.ActiveCfg = Release|Any CPU
		{07EAF3DE-3A1A-431A-9ABD-5521BB40FEE6}.Ad-Hoc|iPhone.Build.0 = Release|Any CPU
		{07EAF3DE-3A1A-431A-9ABD-5521BB40FEE6}.Ad-Hoc|iPhoneSimulator.ActiveCfg = Release|Any CPU
		{07EAF3DE-3A1A-431A-9ABD-5521BB40FEE6}.Ad-Hoc|iPhoneSimulator.Build.0 = Release|Any CPU
		{07EAF3DE-3A1A-431A-9ABD-5521BB40FEE6}.Ad-Hoc|x64.ActiveCfg = Release|Any CPU
		{07EAF3DE-3A1A-431A-9ABD-5521BB40FEE6}.Ad-Hoc|x64.Build.0 = Release|Any CPU
		{07EAF3DE-3A1A-431A-9ABD-5521BB40FEE6}.Ad-Hoc|x86.ActiveCfg = Release|Any CPU
		{07EAF3DE-3A1A-431A-9ABD-5521BB40FEE6}.Ad-Hoc|x86.Build.0 = Release|Any CPU
		{07EAF3DE-3A1A-431A-9ABD-5521BB40FEE6}.AppStore|Any CPU.ActiveCfg = Release|Any CPU
		{07EAF3DE-3A1A-431A-9ABD-5521BB40FEE6}.AppStore|Any CPU.Build.0 = Release|Any CPU
		{07EAF3DE-3A1A-431A-9ABD-5521BB40FEE6}.AppStore|ARM.ActiveCfg = Release|Any CPU
		{07EAF3DE-3A1A-431A-9ABD-5521BB40FEE6}.AppStore|ARM.Build.0 = Release|Any CPU
		{07EAF3DE-3A1A-431A-9ABD-5521BB40FEE6}.AppStore|iPhone.ActiveCfg = Release|Any CPU
		{07EAF3DE-3A1A-431A-9ABD-5521BB40FEE6}.AppStore|iPhone.Build.0 = Release|Any CPU
		{07EAF3DE-3A1A-431A-9ABD-5521BB40FEE6}.AppStore|iPhoneSimulator.ActiveCfg = Release|Any CPU
		{07EAF3DE-3A1A-431A-9ABD-5521BB40FEE6}.AppStore|iPhoneSimulator.Build.0 = Release|Any CPU
		{07EAF3DE-3A1A-431A-9ABD-5521BB40FEE6}.AppStore|x64.ActiveCfg = Release|Any CPU
		{07EAF3DE-3A1A-431A-9ABD-5521BB40FEE6}.AppStore|x64.Build.0 = Release|Any CPU
		{07EAF3DE-3A1A-431A-9ABD-5521BB40FEE6}.AppStore|x86.ActiveCfg = Release|Any CPU
		{07EAF3DE-3A1A-431A-9ABD-5521BB40FEE6}.AppStore|x86.Build.0 = Release|Any CPU
		{07EAF3DE-3A1A-431A-9ABD-5521BB40FEE6}.Debug|Any CPU.ActiveCfg = Debug|Any CPU
		{07EAF3DE-3A1A-431A-9ABD-5521BB40FEE6}.Debug|Any CPU.Build.0 = Debug|Any CPU
		{07EAF3DE-3A1A-431A-9ABD-5521BB40FEE6}.Debug|ARM.ActiveCfg = Debug|Any CPU
		{07EAF3DE-3A1A-431A-9ABD-5521BB40FEE6}.Debug|ARM.Build.0 = Debug|Any CPU
		{07EAF3DE-3A1A-431A-9ABD-5521BB40FEE6}.Debug|iPhone.ActiveCfg = Debug|Any CPU
		{07EAF3DE-3A1A-431A-9ABD-5521BB40FEE6}.Debug|iPhone.Build.0 = Debug|Any CPU
		{07EAF3DE-3A1A-431A-9ABD-5521BB40FEE6}.Debug|iPhoneSimulator.ActiveCfg = Debug|Any CPU
		{07EAF3DE-3A1A-431A-9ABD-5521BB40FEE6}.Debug|iPhoneSimulator.Build.0 = Debug|Any CPU
		{07EAF3DE-3A1A-431A-9ABD-5521BB40FEE6}.Debug|x64.ActiveCfg = Debug|Any CPU
		{07EAF3DE-3A1A-431A-9ABD-5521BB40FEE6}.Debug|x64.Build.0 = Debug|Any CPU
		{07EAF3DE-3A1A-431A-9ABD-5521BB40FEE6}.Debug|x86.ActiveCfg = Debug|Any CPU
		{07EAF3DE-3A1A-431A-9ABD-5521BB40FEE6}.Debug|x86.Build.0 = Debug|Any CPU
		{07EAF3DE-3A1A-431A-9ABD-5521BB40FEE6}.Release|Any CPU.ActiveCfg = Release|Any CPU
		{07EAF3DE-3A1A-431A-9ABD-5521BB40FEE6}.Release|Any CPU.Build.0 = Release|Any CPU
		{07EAF3DE-3A1A-431A-9ABD-5521BB40FEE6}.Release|ARM.ActiveCfg = Release|Any CPU
		{07EAF3DE-3A1A-431A-9ABD-5521BB40FEE6}.Release|ARM.Build.0 = Release|Any CPU
		{07EAF3DE-3A1A-431A-9ABD-5521BB40FEE6}.Release|iPhone.ActiveCfg = Release|Any CPU
		{07EAF3DE-3A1A-431A-9ABD-5521BB40FEE6}.Release|iPhone.Build.0 = Release|Any CPU
		{07EAF3DE-3A1A-431A-9ABD-5521BB40FEE6}.Release|iPhoneSimulator.ActiveCfg = Release|Any CPU
		{07EAF3DE-3A1A-431A-9ABD-5521BB40FEE6}.Release|iPhoneSimulator.Build.0 = Release|Any CPU
		{07EAF3DE-3A1A-431A-9ABD-5521BB40FEE6}.Release|x64.ActiveCfg = Release|Any CPU
		{07EAF3DE-3A1A-431A-9ABD-5521BB40FEE6}.Release|x64.Build.0 = Release|Any CPU
		{07EAF3DE-3A1A-431A-9ABD-5521BB40FEE6}.Release|x86.ActiveCfg = Release|Any CPU
		{07EAF3DE-3A1A-431A-9ABD-5521BB40FEE6}.Release|x86.Build.0 = Release|Any CPU
		{9A0E7A1F-18D3-4D57-B230-78D458143621}.Ad-Hoc|Any CPU.ActiveCfg = Release|x64
		{9A0E7A1F-18D3-4D57-B230-78D458143621}.Ad-Hoc|Any CPU.Build.0 = Release|x64
		{9A0E7A1F-18D3-4D57-B230-78D458143621}.Ad-Hoc|Any CPU.Deploy.0 = Release|x64
		{9A0E7A1F-18D3-4D57-B230-78D458143621}.Ad-Hoc|ARM.ActiveCfg = Release|ARM
		{9A0E7A1F-18D3-4D57-B230-78D458143621}.Ad-Hoc|ARM.Build.0 = Release|ARM
		{9A0E7A1F-18D3-4D57-B230-78D458143621}.Ad-Hoc|ARM.Deploy.0 = Release|ARM
		{9A0E7A1F-18D3-4D57-B230-78D458143621}.Ad-Hoc|iPhone.ActiveCfg = Release|x64
		{9A0E7A1F-18D3-4D57-B230-78D458143621}.Ad-Hoc|iPhone.Build.0 = Release|x64
		{9A0E7A1F-18D3-4D57-B230-78D458143621}.Ad-Hoc|iPhone.Deploy.0 = Release|x64
		{9A0E7A1F-18D3-4D57-B230-78D458143621}.Ad-Hoc|iPhoneSimulator.ActiveCfg = Release|x64
		{9A0E7A1F-18D3-4D57-B230-78D458143621}.Ad-Hoc|iPhoneSimulator.Build.0 = Release|x64
		{9A0E7A1F-18D3-4D57-B230-78D458143621}.Ad-Hoc|iPhoneSimulator.Deploy.0 = Release|x64
		{9A0E7A1F-18D3-4D57-B230-78D458143621}.Ad-Hoc|x64.ActiveCfg = Release|x64
		{9A0E7A1F-18D3-4D57-B230-78D458143621}.Ad-Hoc|x64.Build.0 = Release|x64
		{9A0E7A1F-18D3-4D57-B230-78D458143621}.Ad-Hoc|x64.Deploy.0 = Release|x64
		{9A0E7A1F-18D3-4D57-B230-78D458143621}.Ad-Hoc|x86.ActiveCfg = Release|x86
		{9A0E7A1F-18D3-4D57-B230-78D458143621}.Ad-Hoc|x86.Build.0 = Release|x86
		{9A0E7A1F-18D3-4D57-B230-78D458143621}.Ad-Hoc|x86.Deploy.0 = Release|x86
		{9A0E7A1F-18D3-4D57-B230-78D458143621}.AppStore|Any CPU.ActiveCfg = Release|x64
		{9A0E7A1F-18D3-4D57-B230-78D458143621}.AppStore|Any CPU.Build.0 = Release|x64
		{9A0E7A1F-18D3-4D57-B230-78D458143621}.AppStore|Any CPU.Deploy.0 = Release|x64
		{9A0E7A1F-18D3-4D57-B230-78D458143621}.AppStore|ARM.ActiveCfg = Release|ARM
		{9A0E7A1F-18D3-4D57-B230-78D458143621}.AppStore|ARM.Build.0 = Release|ARM
		{9A0E7A1F-18D3-4D57-B230-78D458143621}.AppStore|ARM.Deploy.0 = Release|ARM
		{9A0E7A1F-18D3-4D57-B230-78D458143621}.AppStore|iPhone.ActiveCfg = Release|x64
		{9A0E7A1F-18D3-4D57-B230-78D458143621}.AppStore|iPhone.Build.0 = Release|x64
		{9A0E7A1F-18D3-4D57-B230-78D458143621}.AppStore|iPhone.Deploy.0 = Release|x64
		{9A0E7A1F-18D3-4D57-B230-78D458143621}.AppStore|iPhoneSimulator.ActiveCfg = Release|x64
		{9A0E7A1F-18D3-4D57-B230-78D458143621}.AppStore|iPhoneSimulator.Build.0 = Release|x64
		{9A0E7A1F-18D3-4D57-B230-78D458143621}.AppStore|iPhoneSimulator.Deploy.0 = Release|x64
		{9A0E7A1F-18D3-4D57-B230-78D458143621}.AppStore|x64.ActiveCfg = Release|x64
		{9A0E7A1F-18D3-4D57-B230-78D458143621}.AppStore|x64.Build.0 = Release|x64
		{9A0E7A1F-18D3-4D57-B230-78D458143621}.AppStore|x64.Deploy.0 = Release|x64
		{9A0E7A1F-18D3-4D57-B230-78D458143621}.AppStore|x86.ActiveCfg = Release|x86
		{9A0E7A1F-18D3-4D57-B230-78D458143621}.AppStore|x86.Build.0 = Release|x86
		{9A0E7A1F-18D3-4D57-B230-78D458143621}.AppStore|x86.Deploy.0 = Release|x86
		{9A0E7A1F-18D3-4D57-B230-78D458143621}.Debug|Any CPU.ActiveCfg = Debug|x86
		{9A0E7A1F-18D3-4D57-B230-78D458143621}.Debug|Any CPU.Build.0 = Debug|x86
		{9A0E7A1F-18D3-4D57-B230-78D458143621}.Debug|Any CPU.Deploy.0 = Debug|x86
		{9A0E7A1F-18D3-4D57-B230-78D458143621}.Debug|ARM.ActiveCfg = Debug|ARM
		{9A0E7A1F-18D3-4D57-B230-78D458143621}.Debug|ARM.Build.0 = Debug|ARM
		{9A0E7A1F-18D3-4D57-B230-78D458143621}.Debug|ARM.Deploy.0 = Debug|ARM
		{9A0E7A1F-18D3-4D57-B230-78D458143621}.Debug|iPhone.ActiveCfg = Debug|x86
		{9A0E7A1F-18D3-4D57-B230-78D458143621}.Debug|iPhoneSimulator.ActiveCfg = Debug|x86
		{9A0E7A1F-18D3-4D57-B230-78D458143621}.Debug|x64.ActiveCfg = Debug|x64
		{9A0E7A1F-18D3-4D57-B230-78D458143621}.Debug|x64.Build.0 = Debug|x64
		{9A0E7A1F-18D3-4D57-B230-78D458143621}.Debug|x64.Deploy.0 = Debug|x64
		{9A0E7A1F-18D3-4D57-B230-78D458143621}.Debug|x86.ActiveCfg = Debug|x86
		{9A0E7A1F-18D3-4D57-B230-78D458143621}.Debug|x86.Build.0 = Debug|x86
		{9A0E7A1F-18D3-4D57-B230-78D458143621}.Debug|x86.Deploy.0 = Debug|x86
		{9A0E7A1F-18D3-4D57-B230-78D458143621}.Release|Any CPU.ActiveCfg = Release|x86
		{9A0E7A1F-18D3-4D57-B230-78D458143621}.Release|ARM.ActiveCfg = Release|ARM
		{9A0E7A1F-18D3-4D57-B230-78D458143621}.Release|ARM.Build.0 = Release|ARM
		{9A0E7A1F-18D3-4D57-B230-78D458143621}.Release|ARM.Deploy.0 = Release|ARM
		{9A0E7A1F-18D3-4D57-B230-78D458143621}.Release|iPhone.ActiveCfg = Release|x86
		{9A0E7A1F-18D3-4D57-B230-78D458143621}.Release|iPhoneSimulator.ActiveCfg = Release|x86
		{9A0E7A1F-18D3-4D57-B230-78D458143621}.Release|x64.ActiveCfg = Release|x64
		{9A0E7A1F-18D3-4D57-B230-78D458143621}.Release|x64.Build.0 = Release|x64
		{9A0E7A1F-18D3-4D57-B230-78D458143621}.Release|x64.Deploy.0 = Release|x64
		{9A0E7A1F-18D3-4D57-B230-78D458143621}.Release|x86.ActiveCfg = Release|x86
		{9A0E7A1F-18D3-4D57-B230-78D458143621}.Release|x86.Build.0 = Release|x86
		{9A0E7A1F-18D3-4D57-B230-78D458143621}.Release|x86.Deploy.0 = Release|x86
		{E9832E62-2866-4792-AA05-6BCA6B993967}.Ad-Hoc|Any CPU.ActiveCfg = Release|x64
		{E9832E62-2866-4792-AA05-6BCA6B993967}.Ad-Hoc|Any CPU.Build.0 = Release|x64
		{E9832E62-2866-4792-AA05-6BCA6B993967}.Ad-Hoc|Any CPU.Deploy.0 = Release|x64
		{E9832E62-2866-4792-AA05-6BCA6B993967}.Ad-Hoc|ARM.ActiveCfg = Release|ARM
		{E9832E62-2866-4792-AA05-6BCA6B993967}.Ad-Hoc|ARM.Build.0 = Release|ARM
		{E9832E62-2866-4792-AA05-6BCA6B993967}.Ad-Hoc|ARM.Deploy.0 = Release|ARM
		{E9832E62-2866-4792-AA05-6BCA6B993967}.Ad-Hoc|iPhone.ActiveCfg = Release|x64
		{E9832E62-2866-4792-AA05-6BCA6B993967}.Ad-Hoc|iPhone.Build.0 = Release|x64
		{E9832E62-2866-4792-AA05-6BCA6B993967}.Ad-Hoc|iPhone.Deploy.0 = Release|x64
		{E9832E62-2866-4792-AA05-6BCA6B993967}.Ad-Hoc|iPhoneSimulator.ActiveCfg = Release|x64
		{E9832E62-2866-4792-AA05-6BCA6B993967}.Ad-Hoc|iPhoneSimulator.Build.0 = Release|x64
		{E9832E62-2866-4792-AA05-6BCA6B993967}.Ad-Hoc|iPhoneSimulator.Deploy.0 = Release|x64
		{E9832E62-2866-4792-AA05-6BCA6B993967}.Ad-Hoc|x64.ActiveCfg = Release|x64
		{E9832E62-2866-4792-AA05-6BCA6B993967}.Ad-Hoc|x64.Build.0 = Release|x64
		{E9832E62-2866-4792-AA05-6BCA6B993967}.Ad-Hoc|x64.Deploy.0 = Release|x64
		{E9832E62-2866-4792-AA05-6BCA6B993967}.Ad-Hoc|x86.ActiveCfg = Release|x86
		{E9832E62-2866-4792-AA05-6BCA6B993967}.Ad-Hoc|x86.Build.0 = Release|x86
		{E9832E62-2866-4792-AA05-6BCA6B993967}.Ad-Hoc|x86.Deploy.0 = Release|x86
		{E9832E62-2866-4792-AA05-6BCA6B993967}.AppStore|Any CPU.ActiveCfg = Release|x64
		{E9832E62-2866-4792-AA05-6BCA6B993967}.AppStore|Any CPU.Build.0 = Release|x64
		{E9832E62-2866-4792-AA05-6BCA6B993967}.AppStore|Any CPU.Deploy.0 = Release|x64
		{E9832E62-2866-4792-AA05-6BCA6B993967}.AppStore|ARM.ActiveCfg = Release|ARM
		{E9832E62-2866-4792-AA05-6BCA6B993967}.AppStore|ARM.Build.0 = Release|ARM
		{E9832E62-2866-4792-AA05-6BCA6B993967}.AppStore|ARM.Deploy.0 = Release|ARM
		{E9832E62-2866-4792-AA05-6BCA6B993967}.AppStore|iPhone.ActiveCfg = Release|x64
		{E9832E62-2866-4792-AA05-6BCA6B993967}.AppStore|iPhone.Build.0 = Release|x64
		{E9832E62-2866-4792-AA05-6BCA6B993967}.AppStore|iPhone.Deploy.0 = Release|x64
		{E9832E62-2866-4792-AA05-6BCA6B993967}.AppStore|iPhoneSimulator.ActiveCfg = Release|x64
		{E9832E62-2866-4792-AA05-6BCA6B993967}.AppStore|iPhoneSimulator.Build.0 = Release|x64
		{E9832E62-2866-4792-AA05-6BCA6B993967}.AppStore|iPhoneSimulator.Deploy.0 = Release|x64
		{E9832E62-2866-4792-AA05-6BCA6B993967}.AppStore|x64.ActiveCfg = Release|x64
		{E9832E62-2866-4792-AA05-6BCA6B993967}.AppStore|x64.Build.0 = Release|x64
		{E9832E62-2866-4792-AA05-6BCA6B993967}.AppStore|x64.Deploy.0 = Release|x64
		{E9832E62-2866-4792-AA05-6BCA6B993967}.AppStore|x86.ActiveCfg = Release|x86
		{E9832E62-2866-4792-AA05-6BCA6B993967}.AppStore|x86.Build.0 = Release|x86
		{E9832E62-2866-4792-AA05-6BCA6B993967}.AppStore|x86.Deploy.0 = Release|x86
		{E9832E62-2866-4792-AA05-6BCA6B993967}.Debug|Any CPU.ActiveCfg = Debug|x86
		{E9832E62-2866-4792-AA05-6BCA6B993967}.Debug|Any CPU.Build.0 = Debug|x86
		{E9832E62-2866-4792-AA05-6BCA6B993967}.Debug|Any CPU.Deploy.0 = Debug|x86
		{E9832E62-2866-4792-AA05-6BCA6B993967}.Debug|ARM.ActiveCfg = Debug|ARM
		{E9832E62-2866-4792-AA05-6BCA6B993967}.Debug|ARM.Build.0 = Debug|ARM
		{E9832E62-2866-4792-AA05-6BCA6B993967}.Debug|ARM.Deploy.0 = Debug|ARM
		{E9832E62-2866-4792-AA05-6BCA6B993967}.Debug|iPhone.ActiveCfg = Debug|x86
		{E9832E62-2866-4792-AA05-6BCA6B993967}.Debug|iPhoneSimulator.ActiveCfg = Debug|x86
		{E9832E62-2866-4792-AA05-6BCA6B993967}.Debug|x64.ActiveCfg = Debug|x64
		{E9832E62-2866-4792-AA05-6BCA6B993967}.Debug|x64.Build.0 = Debug|x64
		{E9832E62-2866-4792-AA05-6BCA6B993967}.Debug|x64.Deploy.0 = Debug|x64
		{E9832E62-2866-4792-AA05-6BCA6B993967}.Debug|x86.ActiveCfg = Debug|x86
		{E9832E62-2866-4792-AA05-6BCA6B993967}.Debug|x86.Build.0 = Debug|x86
		{E9832E62-2866-4792-AA05-6BCA6B993967}.Debug|x86.Deploy.0 = Debug|x86
		{E9832E62-2866-4792-AA05-6BCA6B993967}.Release|Any CPU.ActiveCfg = Release|x86
		{E9832E62-2866-4792-AA05-6BCA6B993967}.Release|ARM.ActiveCfg = Release|ARM
		{E9832E62-2866-4792-AA05-6BCA6B993967}.Release|ARM.Build.0 = Release|ARM
		{E9832E62-2866-4792-AA05-6BCA6B993967}.Release|ARM.Deploy.0 = Release|ARM
		{E9832E62-2866-4792-AA05-6BCA6B993967}.Release|iPhone.ActiveCfg = Release|x86
		{E9832E62-2866-4792-AA05-6BCA6B993967}.Release|iPhoneSimulator.ActiveCfg = Release|x86
		{E9832E62-2866-4792-AA05-6BCA6B993967}.Release|x64.ActiveCfg = Release|x64
		{E9832E62-2866-4792-AA05-6BCA6B993967}.Release|x64.Build.0 = Release|x64
		{E9832E62-2866-4792-AA05-6BCA6B993967}.Release|x64.Deploy.0 = Release|x64
		{E9832E62-2866-4792-AA05-6BCA6B993967}.Release|x86.ActiveCfg = Release|x86
		{E9832E62-2866-4792-AA05-6BCA6B993967}.Release|x86.Build.0 = Release|x86
		{E9832E62-2866-4792-AA05-6BCA6B993967}.Release|x86.Deploy.0 = Release|x86
		{17961CD9-DAAA-4259-8075-5D30D12716AF}.Ad-Hoc|Any CPU.ActiveCfg = Ad-Hoc|iPhoneSimulator
		{17961CD9-DAAA-4259-8075-5D30D12716AF}.Ad-Hoc|ARM.ActiveCfg = Ad-Hoc|iPhone
		{17961CD9-DAAA-4259-8075-5D30D12716AF}.Ad-Hoc|iPhone.ActiveCfg = Ad-Hoc|iPhone
		{17961CD9-DAAA-4259-8075-5D30D12716AF}.Ad-Hoc|iPhone.Build.0 = Ad-Hoc|iPhone
		{17961CD9-DAAA-4259-8075-5D30D12716AF}.Ad-Hoc|iPhoneSimulator.ActiveCfg = Ad-Hoc|iPhoneSimulator
		{17961CD9-DAAA-4259-8075-5D30D12716AF}.Ad-Hoc|iPhoneSimulator.Build.0 = Ad-Hoc|iPhoneSimulator
		{17961CD9-DAAA-4259-8075-5D30D12716AF}.Ad-Hoc|x64.ActiveCfg = Ad-Hoc|iPhone
		{17961CD9-DAAA-4259-8075-5D30D12716AF}.Ad-Hoc|x86.ActiveCfg = Ad-Hoc|iPhone
		{17961CD9-DAAA-4259-8075-5D30D12716AF}.AppStore|Any CPU.ActiveCfg = AppStore|iPhoneSimulator
		{17961CD9-DAAA-4259-8075-5D30D12716AF}.AppStore|ARM.ActiveCfg = AppStore|iPhone
		{17961CD9-DAAA-4259-8075-5D30D12716AF}.AppStore|iPhone.ActiveCfg = AppStore|iPhone
		{17961CD9-DAAA-4259-8075-5D30D12716AF}.AppStore|iPhone.Build.0 = AppStore|iPhone
		{17961CD9-DAAA-4259-8075-5D30D12716AF}.AppStore|iPhoneSimulator.ActiveCfg = AppStore|iPhoneSimulator
		{17961CD9-DAAA-4259-8075-5D30D12716AF}.AppStore|iPhoneSimulator.Build.0 = AppStore|iPhoneSimulator
		{17961CD9-DAAA-4259-8075-5D30D12716AF}.AppStore|x64.ActiveCfg = AppStore|iPhone
		{17961CD9-DAAA-4259-8075-5D30D12716AF}.AppStore|x86.ActiveCfg = AppStore|iPhone
		{17961CD9-DAAA-4259-8075-5D30D12716AF}.Debug|Any CPU.ActiveCfg = Debug|iPhoneSimulator
		{17961CD9-DAAA-4259-8075-5D30D12716AF}.Debug|Any CPU.Build.0 = Debug|iPhoneSimulator
		{17961CD9-DAAA-4259-8075-5D30D12716AF}.Debug|ARM.ActiveCfg = Debug|iPhone
		{17961CD9-DAAA-4259-8075-5D30D12716AF}.Debug|ARM.Build.0 = Debug|iPhone
		{17961CD9-DAAA-4259-8075-5D30D12716AF}.Debug|iPhone.ActiveCfg = Debug|iPhone
		{17961CD9-DAAA-4259-8075-5D30D12716AF}.Debug|iPhone.Build.0 = Debug|iPhone
		{17961CD9-DAAA-4259-8075-5D30D12716AF}.Debug|iPhoneSimulator.ActiveCfg = Debug|iPhoneSimulator
		{17961CD9-DAAA-4259-8075-5D30D12716AF}.Debug|iPhoneSimulator.Build.0 = Debug|iPhoneSimulator
		{17961CD9-DAAA-4259-8075-5D30D12716AF}.Debug|x64.ActiveCfg = Debug|iPhone
		{17961CD9-DAAA-4259-8075-5D30D12716AF}.Debug|x64.Build.0 = Debug|iPhone
		{17961CD9-DAAA-4259-8075-5D30D12716AF}.Debug|x86.ActiveCfg = Debug|iPhone
		{17961CD9-DAAA-4259-8075-5D30D12716AF}.Debug|x86.Build.0 = Debug|iPhone
		{17961CD9-DAAA-4259-8075-5D30D12716AF}.Release|Any CPU.ActiveCfg = Release|iPhoneSimulator
		{17961CD9-DAAA-4259-8075-5D30D12716AF}.Release|Any CPU.Build.0 = Release|iPhoneSimulator
		{17961CD9-DAAA-4259-8075-5D30D12716AF}.Release|ARM.ActiveCfg = Release|iPhone
		{17961CD9-DAAA-4259-8075-5D30D12716AF}.Release|iPhone.ActiveCfg = Release|iPhone
		{17961CD9-DAAA-4259-8075-5D30D12716AF}.Release|iPhone.Build.0 = Release|iPhone
		{17961CD9-DAAA-4259-8075-5D30D12716AF}.Release|iPhoneSimulator.ActiveCfg = Release|iPhoneSimulator
		{17961CD9-DAAA-4259-8075-5D30D12716AF}.Release|iPhoneSimulator.Build.0 = Release|iPhoneSimulator
		{17961CD9-DAAA-4259-8075-5D30D12716AF}.Release|x64.ActiveCfg = Release|iPhone
		{17961CD9-DAAA-4259-8075-5D30D12716AF}.Release|x86.ActiveCfg = Release|iPhone
		{04A4DBF6-BB9C-4B79-AFE3-3B9702CC7FAA}.Ad-Hoc|Any CPU.ActiveCfg = Release|x86
		{04A4DBF6-BB9C-4B79-AFE3-3B9702CC7FAA}.Ad-Hoc|Any CPU.Build.0 = Release|x86
		{04A4DBF6-BB9C-4B79-AFE3-3B9702CC7FAA}.Ad-Hoc|Any CPU.Deploy.0 = Release|x86
		{04A4DBF6-BB9C-4B79-AFE3-3B9702CC7FAA}.Ad-Hoc|ARM.ActiveCfg = Release|ARM
		{04A4DBF6-BB9C-4B79-AFE3-3B9702CC7FAA}.Ad-Hoc|ARM.Build.0 = Release|ARM
		{04A4DBF6-BB9C-4B79-AFE3-3B9702CC7FAA}.Ad-Hoc|ARM.Deploy.0 = Release|ARM
		{04A4DBF6-BB9C-4B79-AFE3-3B9702CC7FAA}.Ad-Hoc|iPhone.ActiveCfg = Release|x86
		{04A4DBF6-BB9C-4B79-AFE3-3B9702CC7FAA}.Ad-Hoc|iPhone.Build.0 = Release|x86
		{04A4DBF6-BB9C-4B79-AFE3-3B9702CC7FAA}.Ad-Hoc|iPhone.Deploy.0 = Release|x86
		{04A4DBF6-BB9C-4B79-AFE3-3B9702CC7FAA}.Ad-Hoc|iPhoneSimulator.ActiveCfg = Release|x86
		{04A4DBF6-BB9C-4B79-AFE3-3B9702CC7FAA}.Ad-Hoc|iPhoneSimulator.Build.0 = Release|x86
		{04A4DBF6-BB9C-4B79-AFE3-3B9702CC7FAA}.Ad-Hoc|iPhoneSimulator.Deploy.0 = Release|x86
		{04A4DBF6-BB9C-4B79-AFE3-3B9702CC7FAA}.Ad-Hoc|x64.ActiveCfg = Release|x64
		{04A4DBF6-BB9C-4B79-AFE3-3B9702CC7FAA}.Ad-Hoc|x64.Build.0 = Release|x64
		{04A4DBF6-BB9C-4B79-AFE3-3B9702CC7FAA}.Ad-Hoc|x64.Deploy.0 = Release|x64
		{04A4DBF6-BB9C-4B79-AFE3-3B9702CC7FAA}.Ad-Hoc|x86.ActiveCfg = Release|x86
		{04A4DBF6-BB9C-4B79-AFE3-3B9702CC7FAA}.Ad-Hoc|x86.Build.0 = Release|x86
		{04A4DBF6-BB9C-4B79-AFE3-3B9702CC7FAA}.Ad-Hoc|x86.Deploy.0 = Release|x86
		{04A4DBF6-BB9C-4B79-AFE3-3B9702CC7FAA}.AppStore|Any CPU.ActiveCfg = Release|x86
		{04A4DBF6-BB9C-4B79-AFE3-3B9702CC7FAA}.AppStore|Any CPU.Build.0 = Release|x86
		{04A4DBF6-BB9C-4B79-AFE3-3B9702CC7FAA}.AppStore|Any CPU.Deploy.0 = Release|x86
		{04A4DBF6-BB9C-4B79-AFE3-3B9702CC7FAA}.AppStore|ARM.ActiveCfg = Release|ARM
		{04A4DBF6-BB9C-4B79-AFE3-3B9702CC7FAA}.AppStore|ARM.Build.0 = Release|ARM
		{04A4DBF6-BB9C-4B79-AFE3-3B9702CC7FAA}.AppStore|ARM.Deploy.0 = Release|ARM
		{04A4DBF6-BB9C-4B79-AFE3-3B9702CC7FAA}.AppStore|iPhone.ActiveCfg = Release|x86
		{04A4DBF6-BB9C-4B79-AFE3-3B9702CC7FAA}.AppStore|iPhone.Build.0 = Release|x86
		{04A4DBF6-BB9C-4B79-AFE3-3B9702CC7FAA}.AppStore|iPhone.Deploy.0 = Release|x86
		{04A4DBF6-BB9C-4B79-AFE3-3B9702CC7FAA}.AppStore|iPhoneSimulator.ActiveCfg = Release|x86
		{04A4DBF6-BB9C-4B79-AFE3-3B9702CC7FAA}.AppStore|iPhoneSimulator.Build.0 = Release|x86
		{04A4DBF6-BB9C-4B79-AFE3-3B9702CC7FAA}.AppStore|iPhoneSimulator.Deploy.0 = Release|x86
		{04A4DBF6-BB9C-4B79-AFE3-3B9702CC7FAA}.AppStore|x64.ActiveCfg = Release|x64
		{04A4DBF6-BB9C-4B79-AFE3-3B9702CC7FAA}.AppStore|x64.Build.0 = Release|x64
		{04A4DBF6-BB9C-4B79-AFE3-3B9702CC7FAA}.AppStore|x64.Deploy.0 = Release|x64
		{04A4DBF6-BB9C-4B79-AFE3-3B9702CC7FAA}.AppStore|x86.ActiveCfg = Release|x86
		{04A4DBF6-BB9C-4B79-AFE3-3B9702CC7FAA}.AppStore|x86.Build.0 = Release|x86
		{04A4DBF6-BB9C-4B79-AFE3-3B9702CC7FAA}.AppStore|x86.Deploy.0 = Release|x86
		{04A4DBF6-BB9C-4B79-AFE3-3B9702CC7FAA}.Debug|Any CPU.ActiveCfg = Debug|x86
		{04A4DBF6-BB9C-4B79-AFE3-3B9702CC7FAA}.Debug|ARM.ActiveCfg = Debug|ARM
		{04A4DBF6-BB9C-4B79-AFE3-3B9702CC7FAA}.Debug|ARM.Build.0 = Debug|ARM
		{04A4DBF6-BB9C-4B79-AFE3-3B9702CC7FAA}.Debug|ARM.Deploy.0 = Debug|ARM
		{04A4DBF6-BB9C-4B79-AFE3-3B9702CC7FAA}.Debug|iPhone.ActiveCfg = Debug|x86
		{04A4DBF6-BB9C-4B79-AFE3-3B9702CC7FAA}.Debug|iPhoneSimulator.ActiveCfg = Debug|x86
		{04A4DBF6-BB9C-4B79-AFE3-3B9702CC7FAA}.Debug|x64.ActiveCfg = Debug|x64
		{04A4DBF6-BB9C-4B79-AFE3-3B9702CC7FAA}.Debug|x64.Build.0 = Debug|x64
		{04A4DBF6-BB9C-4B79-AFE3-3B9702CC7FAA}.Debug|x64.Deploy.0 = Debug|x64
		{04A4DBF6-BB9C-4B79-AFE3-3B9702CC7FAA}.Debug|x86.ActiveCfg = Debug|x86
		{04A4DBF6-BB9C-4B79-AFE3-3B9702CC7FAA}.Debug|x86.Build.0 = Debug|x86
		{04A4DBF6-BB9C-4B79-AFE3-3B9702CC7FAA}.Debug|x86.Deploy.0 = Debug|x86
		{04A4DBF6-BB9C-4B79-AFE3-3B9702CC7FAA}.Release|Any CPU.ActiveCfg = Release|x86
		{04A4DBF6-BB9C-4B79-AFE3-3B9702CC7FAA}.Release|ARM.ActiveCfg = Release|ARM
		{04A4DBF6-BB9C-4B79-AFE3-3B9702CC7FAA}.Release|ARM.Build.0 = Release|ARM
		{04A4DBF6-BB9C-4B79-AFE3-3B9702CC7FAA}.Release|ARM.Deploy.0 = Release|ARM
		{04A4DBF6-BB9C-4B79-AFE3-3B9702CC7FAA}.Release|iPhone.ActiveCfg = Release|x86
		{04A4DBF6-BB9C-4B79-AFE3-3B9702CC7FAA}.Release|iPhoneSimulator.ActiveCfg = Release|x86
		{04A4DBF6-BB9C-4B79-AFE3-3B9702CC7FAA}.Release|x64.ActiveCfg = Release|x64
		{04A4DBF6-BB9C-4B79-AFE3-3B9702CC7FAA}.Release|x64.Build.0 = Release|x64
		{04A4DBF6-BB9C-4B79-AFE3-3B9702CC7FAA}.Release|x64.Deploy.0 = Release|x64
		{04A4DBF6-BB9C-4B79-AFE3-3B9702CC7FAA}.Release|x86.ActiveCfg = Release|x86
		{04A4DBF6-BB9C-4B79-AFE3-3B9702CC7FAA}.Release|x86.Build.0 = Release|x86
		{04A4DBF6-BB9C-4B79-AFE3-3B9702CC7FAA}.Release|x86.Deploy.0 = Release|x86
		{8835C1A6-5EAF-485A-B002-F86F10B9BFD7}.Ad-Hoc|Any CPU.ActiveCfg = Release|Any CPU
		{8835C1A6-5EAF-485A-B002-F86F10B9BFD7}.Ad-Hoc|Any CPU.Build.0 = Release|Any CPU
		{8835C1A6-5EAF-485A-B002-F86F10B9BFD7}.Ad-Hoc|Any CPU.Deploy.0 = Release|Any CPU
		{8835C1A6-5EAF-485A-B002-F86F10B9BFD7}.Ad-Hoc|ARM.ActiveCfg = Release|Any CPU
		{8835C1A6-5EAF-485A-B002-F86F10B9BFD7}.Ad-Hoc|ARM.Build.0 = Release|Any CPU
		{8835C1A6-5EAF-485A-B002-F86F10B9BFD7}.Ad-Hoc|ARM.Deploy.0 = Release|Any CPU
		{8835C1A6-5EAF-485A-B002-F86F10B9BFD7}.Ad-Hoc|iPhone.ActiveCfg = Release|Any CPU
		{8835C1A6-5EAF-485A-B002-F86F10B9BFD7}.Ad-Hoc|iPhone.Build.0 = Release|Any CPU
		{8835C1A6-5EAF-485A-B002-F86F10B9BFD7}.Ad-Hoc|iPhone.Deploy.0 = Release|Any CPU
		{8835C1A6-5EAF-485A-B002-F86F10B9BFD7}.Ad-Hoc|iPhoneSimulator.ActiveCfg = Release|Any CPU
		{8835C1A6-5EAF-485A-B002-F86F10B9BFD7}.Ad-Hoc|iPhoneSimulator.Build.0 = Release|Any CPU
		{8835C1A6-5EAF-485A-B002-F86F10B9BFD7}.Ad-Hoc|iPhoneSimulator.Deploy.0 = Release|Any CPU
		{8835C1A6-5EAF-485A-B002-F86F10B9BFD7}.Ad-Hoc|x64.ActiveCfg = Release|Any CPU
		{8835C1A6-5EAF-485A-B002-F86F10B9BFD7}.Ad-Hoc|x64.Build.0 = Release|Any CPU
		{8835C1A6-5EAF-485A-B002-F86F10B9BFD7}.Ad-Hoc|x64.Deploy.0 = Release|Any CPU
		{8835C1A6-5EAF-485A-B002-F86F10B9BFD7}.Ad-Hoc|x86.ActiveCfg = Release|Any CPU
		{8835C1A6-5EAF-485A-B002-F86F10B9BFD7}.Ad-Hoc|x86.Build.0 = Release|Any CPU
		{8835C1A6-5EAF-485A-B002-F86F10B9BFD7}.Ad-Hoc|x86.Deploy.0 = Release|Any CPU
		{8835C1A6-5EAF-485A-B002-F86F10B9BFD7}.AppStore|Any CPU.ActiveCfg = Release|Any CPU
		{8835C1A6-5EAF-485A-B002-F86F10B9BFD7}.AppStore|Any CPU.Build.0 = Release|Any CPU
		{8835C1A6-5EAF-485A-B002-F86F10B9BFD7}.AppStore|Any CPU.Deploy.0 = Release|Any CPU
		{8835C1A6-5EAF-485A-B002-F86F10B9BFD7}.AppStore|ARM.ActiveCfg = Release|Any CPU
		{8835C1A6-5EAF-485A-B002-F86F10B9BFD7}.AppStore|ARM.Build.0 = Release|Any CPU
		{8835C1A6-5EAF-485A-B002-F86F10B9BFD7}.AppStore|ARM.Deploy.0 = Release|Any CPU
		{8835C1A6-5EAF-485A-B002-F86F10B9BFD7}.AppStore|iPhone.ActiveCfg = Release|Any CPU
		{8835C1A6-5EAF-485A-B002-F86F10B9BFD7}.AppStore|iPhone.Build.0 = Release|Any CPU
		{8835C1A6-5EAF-485A-B002-F86F10B9BFD7}.AppStore|iPhone.Deploy.0 = Release|Any CPU
		{8835C1A6-5EAF-485A-B002-F86F10B9BFD7}.AppStore|iPhoneSimulator.ActiveCfg = Release|Any CPU
		{8835C1A6-5EAF-485A-B002-F86F10B9BFD7}.AppStore|iPhoneSimulator.Build.0 = Release|Any CPU
		{8835C1A6-5EAF-485A-B002-F86F10B9BFD7}.AppStore|iPhoneSimulator.Deploy.0 = Release|Any CPU
		{8835C1A6-5EAF-485A-B002-F86F10B9BFD7}.AppStore|x64.ActiveCfg = Release|Any CPU
		{8835C1A6-5EAF-485A-B002-F86F10B9BFD7}.AppStore|x64.Build.0 = Release|Any CPU
		{8835C1A6-5EAF-485A-B002-F86F10B9BFD7}.AppStore|x64.Deploy.0 = Release|Any CPU
		{8835C1A6-5EAF-485A-B002-F86F10B9BFD7}.AppStore|x86.ActiveCfg = Release|Any CPU
		{8835C1A6-5EAF-485A-B002-F86F10B9BFD7}.AppStore|x86.Build.0 = Release|Any CPU
		{8835C1A6-5EAF-485A-B002-F86F10B9BFD7}.AppStore|x86.Deploy.0 = Release|Any CPU
		{8835C1A6-5EAF-485A-B002-F86F10B9BFD7}.Debug|Any CPU.ActiveCfg = Debug|Any CPU
		{8835C1A6-5EAF-485A-B002-F86F10B9BFD7}.Debug|Any CPU.Build.0 = Debug|Any CPU
		{8835C1A6-5EAF-485A-B002-F86F10B9BFD7}.Debug|Any CPU.Deploy.0 = Debug|Any CPU
		{8835C1A6-5EAF-485A-B002-F86F10B9BFD7}.Debug|ARM.ActiveCfg = Debug|Any CPU
		{8835C1A6-5EAF-485A-B002-F86F10B9BFD7}.Debug|ARM.Build.0 = Debug|Any CPU
		{8835C1A6-5EAF-485A-B002-F86F10B9BFD7}.Debug|ARM.Deploy.0 = Debug|Any CPU
		{8835C1A6-5EAF-485A-B002-F86F10B9BFD7}.Debug|iPhone.ActiveCfg = Debug|Any CPU
		{8835C1A6-5EAF-485A-B002-F86F10B9BFD7}.Debug|iPhone.Build.0 = Debug|Any CPU
		{8835C1A6-5EAF-485A-B002-F86F10B9BFD7}.Debug|iPhone.Deploy.0 = Debug|Any CPU
		{8835C1A6-5EAF-485A-B002-F86F10B9BFD7}.Debug|iPhoneSimulator.ActiveCfg = Debug|Any CPU
		{8835C1A6-5EAF-485A-B002-F86F10B9BFD7}.Debug|iPhoneSimulator.Build.0 = Debug|Any CPU
		{8835C1A6-5EAF-485A-B002-F86F10B9BFD7}.Debug|iPhoneSimulator.Deploy.0 = Debug|Any CPU
		{8835C1A6-5EAF-485A-B002-F86F10B9BFD7}.Debug|x64.ActiveCfg = Debug|Any CPU
		{8835C1A6-5EAF-485A-B002-F86F10B9BFD7}.Debug|x64.Build.0 = Debug|Any CPU
		{8835C1A6-5EAF-485A-B002-F86F10B9BFD7}.Debug|x64.Deploy.0 = Debug|Any CPU
		{8835C1A6-5EAF-485A-B002-F86F10B9BFD7}.Debug|x86.ActiveCfg = Debug|Any CPU
		{8835C1A6-5EAF-485A-B002-F86F10B9BFD7}.Debug|x86.Build.0 = Debug|Any CPU
		{8835C1A6-5EAF-485A-B002-F86F10B9BFD7}.Debug|x86.Deploy.0 = Debug|Any CPU
		{8835C1A6-5EAF-485A-B002-F86F10B9BFD7}.Release|Any CPU.ActiveCfg = Release|Any CPU
		{8835C1A6-5EAF-485A-B002-F86F10B9BFD7}.Release|Any CPU.Build.0 = Release|Any CPU
		{8835C1A6-5EAF-485A-B002-F86F10B9BFD7}.Release|Any CPU.Deploy.0 = Release|Any CPU
		{8835C1A6-5EAF-485A-B002-F86F10B9BFD7}.Release|ARM.ActiveCfg = Release|Any CPU
		{8835C1A6-5EAF-485A-B002-F86F10B9BFD7}.Release|ARM.Build.0 = Release|Any CPU
		{8835C1A6-5EAF-485A-B002-F86F10B9BFD7}.Release|ARM.Deploy.0 = Release|Any CPU
		{8835C1A6-5EAF-485A-B002-F86F10B9BFD7}.Release|iPhone.ActiveCfg = Release|Any CPU
		{8835C1A6-5EAF-485A-B002-F86F10B9BFD7}.Release|iPhone.Build.0 = Release|Any CPU
		{8835C1A6-5EAF-485A-B002-F86F10B9BFD7}.Release|iPhone.Deploy.0 = Release|Any CPU
		{8835C1A6-5EAF-485A-B002-F86F10B9BFD7}.Release|iPhoneSimulator.ActiveCfg = Release|Any CPU
		{8835C1A6-5EAF-485A-B002-F86F10B9BFD7}.Release|iPhoneSimulator.Build.0 = Release|Any CPU
		{8835C1A6-5EAF-485A-B002-F86F10B9BFD7}.Release|iPhoneSimulator.Deploy.0 = Release|Any CPU
		{8835C1A6-5EAF-485A-B002-F86F10B9BFD7}.Release|x64.ActiveCfg = Release|Any CPU
		{8835C1A6-5EAF-485A-B002-F86F10B9BFD7}.Release|x64.Build.0 = Release|Any CPU
		{8835C1A6-5EAF-485A-B002-F86F10B9BFD7}.Release|x64.Deploy.0 = Release|Any CPU
		{8835C1A6-5EAF-485A-B002-F86F10B9BFD7}.Release|x86.ActiveCfg = Release|Any CPU
		{8835C1A6-5EAF-485A-B002-F86F10B9BFD7}.Release|x86.Build.0 = Release|Any CPU
		{8835C1A6-5EAF-485A-B002-F86F10B9BFD7}.Release|x86.Deploy.0 = Release|Any CPU
		{48317D17-ED72-41B5-B189-F9DADF3A2C86}.Ad-Hoc|Any CPU.ActiveCfg = Release|Any CPU
		{48317D17-ED72-41B5-B189-F9DADF3A2C86}.Ad-Hoc|Any CPU.Build.0 = Release|Any CPU
		{48317D17-ED72-41B5-B189-F9DADF3A2C86}.Ad-Hoc|Any CPU.Deploy.0 = Release|Any CPU
		{48317D17-ED72-41B5-B189-F9DADF3A2C86}.Ad-Hoc|ARM.ActiveCfg = Release|Any CPU
		{48317D17-ED72-41B5-B189-F9DADF3A2C86}.Ad-Hoc|ARM.Build.0 = Release|Any CPU
		{48317D17-ED72-41B5-B189-F9DADF3A2C86}.Ad-Hoc|ARM.Deploy.0 = Release|Any CPU
		{48317D17-ED72-41B5-B189-F9DADF3A2C86}.Ad-Hoc|iPhone.ActiveCfg = Release|Any CPU
		{48317D17-ED72-41B5-B189-F9DADF3A2C86}.Ad-Hoc|iPhone.Build.0 = Release|Any CPU
		{48317D17-ED72-41B5-B189-F9DADF3A2C86}.Ad-Hoc|iPhone.Deploy.0 = Release|Any CPU
		{48317D17-ED72-41B5-B189-F9DADF3A2C86}.Ad-Hoc|iPhoneSimulator.ActiveCfg = Release|Any CPU
		{48317D17-ED72-41B5-B189-F9DADF3A2C86}.Ad-Hoc|iPhoneSimulator.Build.0 = Release|Any CPU
		{48317D17-ED72-41B5-B189-F9DADF3A2C86}.Ad-Hoc|iPhoneSimulator.Deploy.0 = Release|Any CPU
		{48317D17-ED72-41B5-B189-F9DADF3A2C86}.Ad-Hoc|x64.ActiveCfg = Release|Any CPU
		{48317D17-ED72-41B5-B189-F9DADF3A2C86}.Ad-Hoc|x64.Build.0 = Release|Any CPU
		{48317D17-ED72-41B5-B189-F9DADF3A2C86}.Ad-Hoc|x64.Deploy.0 = Release|Any CPU
		{48317D17-ED72-41B5-B189-F9DADF3A2C86}.Ad-Hoc|x86.ActiveCfg = Release|Any CPU
		{48317D17-ED72-41B5-B189-F9DADF3A2C86}.Ad-Hoc|x86.Build.0 = Release|Any CPU
		{48317D17-ED72-41B5-B189-F9DADF3A2C86}.Ad-Hoc|x86.Deploy.0 = Release|Any CPU
		{48317D17-ED72-41B5-B189-F9DADF3A2C86}.AppStore|Any CPU.ActiveCfg = Release|Any CPU
		{48317D17-ED72-41B5-B189-F9DADF3A2C86}.AppStore|Any CPU.Build.0 = Release|Any CPU
		{48317D17-ED72-41B5-B189-F9DADF3A2C86}.AppStore|Any CPU.Deploy.0 = Release|Any CPU
		{48317D17-ED72-41B5-B189-F9DADF3A2C86}.AppStore|ARM.ActiveCfg = Release|Any CPU
		{48317D17-ED72-41B5-B189-F9DADF3A2C86}.AppStore|ARM.Build.0 = Release|Any CPU
		{48317D17-ED72-41B5-B189-F9DADF3A2C86}.AppStore|ARM.Deploy.0 = Release|Any CPU
		{48317D17-ED72-41B5-B189-F9DADF3A2C86}.AppStore|iPhone.ActiveCfg = Release|Any CPU
		{48317D17-ED72-41B5-B189-F9DADF3A2C86}.AppStore|iPhone.Build.0 = Release|Any CPU
		{48317D17-ED72-41B5-B189-F9DADF3A2C86}.AppStore|iPhone.Deploy.0 = Release|Any CPU
		{48317D17-ED72-41B5-B189-F9DADF3A2C86}.AppStore|iPhoneSimulator.ActiveCfg = Release|Any CPU
		{48317D17-ED72-41B5-B189-F9DADF3A2C86}.AppStore|iPhoneSimulator.Build.0 = Release|Any CPU
		{48317D17-ED72-41B5-B189-F9DADF3A2C86}.AppStore|iPhoneSimulator.Deploy.0 = Release|Any CPU
		{48317D17-ED72-41B5-B189-F9DADF3A2C86}.AppStore|x64.ActiveCfg = Release|Any CPU
		{48317D17-ED72-41B5-B189-F9DADF3A2C86}.AppStore|x64.Build.0 = Release|Any CPU
		{48317D17-ED72-41B5-B189-F9DADF3A2C86}.AppStore|x64.Deploy.0 = Release|Any CPU
		{48317D17-ED72-41B5-B189-F9DADF3A2C86}.AppStore|x86.ActiveCfg = Release|Any CPU
		{48317D17-ED72-41B5-B189-F9DADF3A2C86}.AppStore|x86.Build.0 = Release|Any CPU
		{48317D17-ED72-41B5-B189-F9DADF3A2C86}.AppStore|x86.Deploy.0 = Release|Any CPU
		{48317D17-ED72-41B5-B189-F9DADF3A2C86}.Debug|Any CPU.ActiveCfg = Debug|Any CPU
		{48317D17-ED72-41B5-B189-F9DADF3A2C86}.Debug|Any CPU.Build.0 = Debug|Any CPU
		{48317D17-ED72-41B5-B189-F9DADF3A2C86}.Debug|Any CPU.Deploy.0 = Debug|Any CPU
		{48317D17-ED72-41B5-B189-F9DADF3A2C86}.Debug|ARM.ActiveCfg = Debug|Any CPU
		{48317D17-ED72-41B5-B189-F9DADF3A2C86}.Debug|ARM.Build.0 = Debug|Any CPU
		{48317D17-ED72-41B5-B189-F9DADF3A2C86}.Debug|ARM.Deploy.0 = Debug|Any CPU
		{48317D17-ED72-41B5-B189-F9DADF3A2C86}.Debug|iPhone.ActiveCfg = Debug|Any CPU
		{48317D17-ED72-41B5-B189-F9DADF3A2C86}.Debug|iPhone.Build.0 = Debug|Any CPU
		{48317D17-ED72-41B5-B189-F9DADF3A2C86}.Debug|iPhone.Deploy.0 = Debug|Any CPU
		{48317D17-ED72-41B5-B189-F9DADF3A2C86}.Debug|iPhoneSimulator.ActiveCfg = Debug|Any CPU
		{48317D17-ED72-41B5-B189-F9DADF3A2C86}.Debug|iPhoneSimulator.Build.0 = Debug|Any CPU
		{48317D17-ED72-41B5-B189-F9DADF3A2C86}.Debug|iPhoneSimulator.Deploy.0 = Debug|Any CPU
		{48317D17-ED72-41B5-B189-F9DADF3A2C86}.Debug|x64.ActiveCfg = Debug|Any CPU
		{48317D17-ED72-41B5-B189-F9DADF3A2C86}.Debug|x64.Build.0 = Debug|Any CPU
		{48317D17-ED72-41B5-B189-F9DADF3A2C86}.Debug|x64.Deploy.0 = Debug|Any CPU
		{48317D17-ED72-41B5-B189-F9DADF3A2C86}.Debug|x86.ActiveCfg = Debug|Any CPU
		{48317D17-ED72-41B5-B189-F9DADF3A2C86}.Debug|x86.Build.0 = Debug|Any CPU
		{48317D17-ED72-41B5-B189-F9DADF3A2C86}.Debug|x86.Deploy.0 = Debug|Any CPU
		{48317D17-ED72-41B5-B189-F9DADF3A2C86}.Release|Any CPU.ActiveCfg = Release|Any CPU
		{48317D17-ED72-41B5-B189-F9DADF3A2C86}.Release|Any CPU.Build.0 = Release|Any CPU
		{48317D17-ED72-41B5-B189-F9DADF3A2C86}.Release|Any CPU.Deploy.0 = Release|Any CPU
		{48317D17-ED72-41B5-B189-F9DADF3A2C86}.Release|ARM.ActiveCfg = Release|Any CPU
		{48317D17-ED72-41B5-B189-F9DADF3A2C86}.Release|ARM.Build.0 = Release|Any CPU
		{48317D17-ED72-41B5-B189-F9DADF3A2C86}.Release|ARM.Deploy.0 = Release|Any CPU
		{48317D17-ED72-41B5-B189-F9DADF3A2C86}.Release|iPhone.ActiveCfg = Release|Any CPU
		{48317D17-ED72-41B5-B189-F9DADF3A2C86}.Release|iPhone.Build.0 = Release|Any CPU
		{48317D17-ED72-41B5-B189-F9DADF3A2C86}.Release|iPhone.Deploy.0 = Release|Any CPU
		{48317D17-ED72-41B5-B189-F9DADF3A2C86}.Release|iPhoneSimulator.ActiveCfg = Release|Any CPU
		{48317D17-ED72-41B5-B189-F9DADF3A2C86}.Release|iPhoneSimulator.Build.0 = Release|Any CPU
		{48317D17-ED72-41B5-B189-F9DADF3A2C86}.Release|iPhoneSimulator.Deploy.0 = Release|Any CPU
		{48317D17-ED72-41B5-B189-F9DADF3A2C86}.Release|x64.ActiveCfg = Release|Any CPU
		{48317D17-ED72-41B5-B189-F9DADF3A2C86}.Release|x64.Build.0 = Release|Any CPU
		{48317D17-ED72-41B5-B189-F9DADF3A2C86}.Release|x64.Deploy.0 = Release|Any CPU
		{48317D17-ED72-41B5-B189-F9DADF3A2C86}.Release|x86.ActiveCfg = Release|Any CPU
		{48317D17-ED72-41B5-B189-F9DADF3A2C86}.Release|x86.Build.0 = Release|Any CPU
		{48317D17-ED72-41B5-B189-F9DADF3A2C86}.Release|x86.Deploy.0 = Release|Any CPU
		{46913917-D118-4809-863B-4FBC86246379}.Ad-Hoc|Any CPU.ActiveCfg = Ad-Hoc|iPhone
		{46913917-D118-4809-863B-4FBC86246379}.Ad-Hoc|ARM.ActiveCfg = Ad-Hoc|iPhone
		{46913917-D118-4809-863B-4FBC86246379}.Ad-Hoc|iPhone.ActiveCfg = Ad-Hoc|iPhone
		{46913917-D118-4809-863B-4FBC86246379}.Ad-Hoc|iPhone.Build.0 = Ad-Hoc|iPhone
		{46913917-D118-4809-863B-4FBC86246379}.Ad-Hoc|iPhoneSimulator.ActiveCfg = Ad-Hoc|iPhoneSimulator
		{46913917-D118-4809-863B-4FBC86246379}.Ad-Hoc|iPhoneSimulator.Build.0 = Ad-Hoc|iPhoneSimulator
		{46913917-D118-4809-863B-4FBC86246379}.Ad-Hoc|x64.ActiveCfg = Ad-Hoc|iPhone
		{46913917-D118-4809-863B-4FBC86246379}.Ad-Hoc|x86.ActiveCfg = Ad-Hoc|iPhone
		{46913917-D118-4809-863B-4FBC86246379}.AppStore|Any CPU.ActiveCfg = AppStore|iPhone
		{46913917-D118-4809-863B-4FBC86246379}.AppStore|ARM.ActiveCfg = AppStore|iPhone
		{46913917-D118-4809-863B-4FBC86246379}.AppStore|iPhone.ActiveCfg = AppStore|iPhone
		{46913917-D118-4809-863B-4FBC86246379}.AppStore|iPhone.Build.0 = AppStore|iPhone
		{46913917-D118-4809-863B-4FBC86246379}.AppStore|iPhoneSimulator.ActiveCfg = AppStore|iPhoneSimulator
		{46913917-D118-4809-863B-4FBC86246379}.AppStore|iPhoneSimulator.Build.0 = AppStore|iPhoneSimulator
		{46913917-D118-4809-863B-4FBC86246379}.AppStore|x64.ActiveCfg = AppStore|iPhone
		{46913917-D118-4809-863B-4FBC86246379}.AppStore|x86.ActiveCfg = AppStore|iPhone
		{46913917-D118-4809-863B-4FBC86246379}.Debug|Any CPU.ActiveCfg = Debug|iPhone
		{46913917-D118-4809-863B-4FBC86246379}.Debug|ARM.ActiveCfg = Debug|iPhone
		{46913917-D118-4809-863B-4FBC86246379}.Debug|iPhone.ActiveCfg = Debug|iPhone
		{46913917-D118-4809-863B-4FBC86246379}.Debug|iPhone.Build.0 = Debug|iPhone
		{46913917-D118-4809-863B-4FBC86246379}.Debug|iPhoneSimulator.ActiveCfg = Debug|iPhoneSimulator
		{46913917-D118-4809-863B-4FBC86246379}.Debug|iPhoneSimulator.Build.0 = Debug|iPhoneSimulator
		{46913917-D118-4809-863B-4FBC86246379}.Debug|x64.ActiveCfg = Debug|iPhone
		{46913917-D118-4809-863B-4FBC86246379}.Debug|x86.ActiveCfg = Debug|iPhone
		{46913917-D118-4809-863B-4FBC86246379}.Release|Any CPU.ActiveCfg = Release|iPhone
		{46913917-D118-4809-863B-4FBC86246379}.Release|ARM.ActiveCfg = Release|iPhone
		{46913917-D118-4809-863B-4FBC86246379}.Release|iPhone.ActiveCfg = Release|iPhone
		{46913917-D118-4809-863B-4FBC86246379}.Release|iPhone.Build.0 = Release|iPhone
		{46913917-D118-4809-863B-4FBC86246379}.Release|iPhoneSimulator.ActiveCfg = Release|iPhoneSimulator
		{46913917-D118-4809-863B-4FBC86246379}.Release|iPhoneSimulator.Build.0 = Release|iPhoneSimulator
		{46913917-D118-4809-863B-4FBC86246379}.Release|x64.ActiveCfg = Release|iPhone
		{46913917-D118-4809-863B-4FBC86246379}.Release|x86.ActiveCfg = Release|iPhone
		{D72F8DC7-F97D-4184-94C8-8075F6314245}.Ad-Hoc|Any CPU.ActiveCfg = Release|x86
		{D72F8DC7-F97D-4184-94C8-8075F6314245}.Ad-Hoc|Any CPU.Build.0 = Release|x86
		{D72F8DC7-F97D-4184-94C8-8075F6314245}.Ad-Hoc|Any CPU.Deploy.0 = Release|x86
		{D72F8DC7-F97D-4184-94C8-8075F6314245}.Ad-Hoc|ARM.ActiveCfg = Release|ARM
		{D72F8DC7-F97D-4184-94C8-8075F6314245}.Ad-Hoc|ARM.Build.0 = Release|ARM
		{D72F8DC7-F97D-4184-94C8-8075F6314245}.Ad-Hoc|ARM.Deploy.0 = Release|ARM
		{D72F8DC7-F97D-4184-94C8-8075F6314245}.Ad-Hoc|iPhone.ActiveCfg = Release|x86
		{D72F8DC7-F97D-4184-94C8-8075F6314245}.Ad-Hoc|iPhone.Build.0 = Release|x86
		{D72F8DC7-F97D-4184-94C8-8075F6314245}.Ad-Hoc|iPhone.Deploy.0 = Release|x86
		{D72F8DC7-F97D-4184-94C8-8075F6314245}.Ad-Hoc|iPhoneSimulator.ActiveCfg = Release|x86
		{D72F8DC7-F97D-4184-94C8-8075F6314245}.Ad-Hoc|iPhoneSimulator.Build.0 = Release|x86
		{D72F8DC7-F97D-4184-94C8-8075F6314245}.Ad-Hoc|iPhoneSimulator.Deploy.0 = Release|x86
		{D72F8DC7-F97D-4184-94C8-8075F6314245}.Ad-Hoc|x64.ActiveCfg = Release|x64
		{D72F8DC7-F97D-4184-94C8-8075F6314245}.Ad-Hoc|x64.Build.0 = Release|x64
		{D72F8DC7-F97D-4184-94C8-8075F6314245}.Ad-Hoc|x64.Deploy.0 = Release|x64
		{D72F8DC7-F97D-4184-94C8-8075F6314245}.Ad-Hoc|x86.ActiveCfg = Release|x86
		{D72F8DC7-F97D-4184-94C8-8075F6314245}.Ad-Hoc|x86.Build.0 = Release|x86
		{D72F8DC7-F97D-4184-94C8-8075F6314245}.Ad-Hoc|x86.Deploy.0 = Release|x86
		{D72F8DC7-F97D-4184-94C8-8075F6314245}.AppStore|Any CPU.ActiveCfg = Release|x86
		{D72F8DC7-F97D-4184-94C8-8075F6314245}.AppStore|Any CPU.Build.0 = Release|x86
		{D72F8DC7-F97D-4184-94C8-8075F6314245}.AppStore|Any CPU.Deploy.0 = Release|x86
		{D72F8DC7-F97D-4184-94C8-8075F6314245}.AppStore|ARM.ActiveCfg = Release|ARM
		{D72F8DC7-F97D-4184-94C8-8075F6314245}.AppStore|ARM.Build.0 = Release|ARM
		{D72F8DC7-F97D-4184-94C8-8075F6314245}.AppStore|ARM.Deploy.0 = Release|ARM
		{D72F8DC7-F97D-4184-94C8-8075F6314245}.AppStore|iPhone.ActiveCfg = Release|x86
		{D72F8DC7-F97D-4184-94C8-8075F6314245}.AppStore|iPhone.Build.0 = Release|x86
		{D72F8DC7-F97D-4184-94C8-8075F6314245}.AppStore|iPhone.Deploy.0 = Release|x86
		{D72F8DC7-F97D-4184-94C8-8075F6314245}.AppStore|iPhoneSimulator.ActiveCfg = Release|x86
		{D72F8DC7-F97D-4184-94C8-8075F6314245}.AppStore|iPhoneSimulator.Build.0 = Release|x86
		{D72F8DC7-F97D-4184-94C8-8075F6314245}.AppStore|iPhoneSimulator.Deploy.0 = Release|x86
		{D72F8DC7-F97D-4184-94C8-8075F6314245}.AppStore|x64.ActiveCfg = Release|x64
		{D72F8DC7-F97D-4184-94C8-8075F6314245}.AppStore|x64.Build.0 = Release|x64
		{D72F8DC7-F97D-4184-94C8-8075F6314245}.AppStore|x64.Deploy.0 = Release|x64
		{D72F8DC7-F97D-4184-94C8-8075F6314245}.AppStore|x86.ActiveCfg = Release|x86
		{D72F8DC7-F97D-4184-94C8-8075F6314245}.AppStore|x86.Build.0 = Release|x86
		{D72F8DC7-F97D-4184-94C8-8075F6314245}.AppStore|x86.Deploy.0 = Release|x86
		{D72F8DC7-F97D-4184-94C8-8075F6314245}.Debug|Any CPU.ActiveCfg = Debug|x86
		{D72F8DC7-F97D-4184-94C8-8075F6314245}.Debug|ARM.ActiveCfg = Debug|ARM
		{D72F8DC7-F97D-4184-94C8-8075F6314245}.Debug|ARM.Build.0 = Debug|ARM
		{D72F8DC7-F97D-4184-94C8-8075F6314245}.Debug|ARM.Deploy.0 = Debug|ARM
		{D72F8DC7-F97D-4184-94C8-8075F6314245}.Debug|iPhone.ActiveCfg = Debug|x86
		{D72F8DC7-F97D-4184-94C8-8075F6314245}.Debug|iPhoneSimulator.ActiveCfg = Debug|x86
		{D72F8DC7-F97D-4184-94C8-8075F6314245}.Debug|x64.ActiveCfg = Debug|x64
		{D72F8DC7-F97D-4184-94C8-8075F6314245}.Debug|x64.Build.0 = Debug|x64
		{D72F8DC7-F97D-4184-94C8-8075F6314245}.Debug|x64.Deploy.0 = Debug|x64
		{D72F8DC7-F97D-4184-94C8-8075F6314245}.Debug|x86.ActiveCfg = Debug|x86
		{D72F8DC7-F97D-4184-94C8-8075F6314245}.Debug|x86.Build.0 = Debug|x86
		{D72F8DC7-F97D-4184-94C8-8075F6314245}.Debug|x86.Deploy.0 = Debug|x86
		{D72F8DC7-F97D-4184-94C8-8075F6314245}.Release|Any CPU.ActiveCfg = Release|x86
		{D72F8DC7-F97D-4184-94C8-8075F6314245}.Release|ARM.ActiveCfg = Release|ARM
		{D72F8DC7-F97D-4184-94C8-8075F6314245}.Release|ARM.Build.0 = Release|ARM
		{D72F8DC7-F97D-4184-94C8-8075F6314245}.Release|ARM.Deploy.0 = Release|ARM
		{D72F8DC7-F97D-4184-94C8-8075F6314245}.Release|iPhone.ActiveCfg = Release|x86
		{D72F8DC7-F97D-4184-94C8-8075F6314245}.Release|iPhoneSimulator.ActiveCfg = Release|x86
		{D72F8DC7-F97D-4184-94C8-8075F6314245}.Release|x64.ActiveCfg = Release|x64
		{D72F8DC7-F97D-4184-94C8-8075F6314245}.Release|x64.Build.0 = Release|x64
		{D72F8DC7-F97D-4184-94C8-8075F6314245}.Release|x64.Deploy.0 = Release|x64
		{D72F8DC7-F97D-4184-94C8-8075F6314245}.Release|x86.ActiveCfg = Release|x86
		{D72F8DC7-F97D-4184-94C8-8075F6314245}.Release|x86.Build.0 = Release|x86
		{D72F8DC7-F97D-4184-94C8-8075F6314245}.Release|x86.Deploy.0 = Release|x86
		{B9968AB5-16D5-4B81-BB9D-E3BA2A7C9FBE}.Ad-Hoc|Any CPU.ActiveCfg = Release|Any CPU
		{B9968AB5-16D5-4B81-BB9D-E3BA2A7C9FBE}.Ad-Hoc|Any CPU.Build.0 = Release|Any CPU
		{B9968AB5-16D5-4B81-BB9D-E3BA2A7C9FBE}.Ad-Hoc|ARM.ActiveCfg = Release|Any CPU
		{B9968AB5-16D5-4B81-BB9D-E3BA2A7C9FBE}.Ad-Hoc|ARM.Build.0 = Release|Any CPU
		{B9968AB5-16D5-4B81-BB9D-E3BA2A7C9FBE}.Ad-Hoc|iPhone.ActiveCfg = Release|Any CPU
		{B9968AB5-16D5-4B81-BB9D-E3BA2A7C9FBE}.Ad-Hoc|iPhone.Build.0 = Release|Any CPU
		{B9968AB5-16D5-4B81-BB9D-E3BA2A7C9FBE}.Ad-Hoc|iPhoneSimulator.ActiveCfg = Release|Any CPU
		{B9968AB5-16D5-4B81-BB9D-E3BA2A7C9FBE}.Ad-Hoc|iPhoneSimulator.Build.0 = Release|Any CPU
		{B9968AB5-16D5-4B81-BB9D-E3BA2A7C9FBE}.Ad-Hoc|x64.ActiveCfg = Release|Any CPU
		{B9968AB5-16D5-4B81-BB9D-E3BA2A7C9FBE}.Ad-Hoc|x64.Build.0 = Release|Any CPU
		{B9968AB5-16D5-4B81-BB9D-E3BA2A7C9FBE}.Ad-Hoc|x86.ActiveCfg = Release|Any CPU
		{B9968AB5-16D5-4B81-BB9D-E3BA2A7C9FBE}.Ad-Hoc|x86.Build.0 = Release|Any CPU
		{B9968AB5-16D5-4B81-BB9D-E3BA2A7C9FBE}.AppStore|Any CPU.ActiveCfg = Release|Any CPU
		{B9968AB5-16D5-4B81-BB9D-E3BA2A7C9FBE}.AppStore|Any CPU.Build.0 = Release|Any CPU
		{B9968AB5-16D5-4B81-BB9D-E3BA2A7C9FBE}.AppStore|ARM.ActiveCfg = Release|Any CPU
		{B9968AB5-16D5-4B81-BB9D-E3BA2A7C9FBE}.AppStore|ARM.Build.0 = Release|Any CPU
		{B9968AB5-16D5-4B81-BB9D-E3BA2A7C9FBE}.AppStore|iPhone.ActiveCfg = Release|Any CPU
		{B9968AB5-16D5-4B81-BB9D-E3BA2A7C9FBE}.AppStore|iPhone.Build.0 = Release|Any CPU
		{B9968AB5-16D5-4B81-BB9D-E3BA2A7C9FBE}.AppStore|iPhoneSimulator.ActiveCfg = Release|Any CPU
		{B9968AB5-16D5-4B81-BB9D-E3BA2A7C9FBE}.AppStore|iPhoneSimulator.Build.0 = Release|Any CPU
		{B9968AB5-16D5-4B81-BB9D-E3BA2A7C9FBE}.AppStore|x64.ActiveCfg = Release|Any CPU
		{B9968AB5-16D5-4B81-BB9D-E3BA2A7C9FBE}.AppStore|x64.Build.0 = Release|Any CPU
		{B9968AB5-16D5-4B81-BB9D-E3BA2A7C9FBE}.AppStore|x86.ActiveCfg = Release|Any CPU
		{B9968AB5-16D5-4B81-BB9D-E3BA2A7C9FBE}.AppStore|x86.Build.0 = Release|Any CPU
		{B9968AB5-16D5-4B81-BB9D-E3BA2A7C9FBE}.Debug|Any CPU.ActiveCfg = Debug|Any CPU
		{B9968AB5-16D5-4B81-BB9D-E3BA2A7C9FBE}.Debug|Any CPU.Build.0 = Debug|Any CPU
		{B9968AB5-16D5-4B81-BB9D-E3BA2A7C9FBE}.Debug|ARM.ActiveCfg = Debug|Any CPU
		{B9968AB5-16D5-4B81-BB9D-E3BA2A7C9FBE}.Debug|ARM.Build.0 = Debug|Any CPU
		{B9968AB5-16D5-4B81-BB9D-E3BA2A7C9FBE}.Debug|iPhone.ActiveCfg = Debug|Any CPU
		{B9968AB5-16D5-4B81-BB9D-E3BA2A7C9FBE}.Debug|iPhone.Build.0 = Debug|Any CPU
		{B9968AB5-16D5-4B81-BB9D-E3BA2A7C9FBE}.Debug|iPhoneSimulator.ActiveCfg = Debug|Any CPU
		{B9968AB5-16D5-4B81-BB9D-E3BA2A7C9FBE}.Debug|iPhoneSimulator.Build.0 = Debug|Any CPU
		{B9968AB5-16D5-4B81-BB9D-E3BA2A7C9FBE}.Debug|x64.ActiveCfg = Debug|Any CPU
		{B9968AB5-16D5-4B81-BB9D-E3BA2A7C9FBE}.Debug|x64.Build.0 = Debug|Any CPU
		{B9968AB5-16D5-4B81-BB9D-E3BA2A7C9FBE}.Debug|x86.ActiveCfg = Debug|Any CPU
		{B9968AB5-16D5-4B81-BB9D-E3BA2A7C9FBE}.Debug|x86.Build.0 = Debug|Any CPU
		{B9968AB5-16D5-4B81-BB9D-E3BA2A7C9FBE}.Release|Any CPU.ActiveCfg = Release|Any CPU
		{B9968AB5-16D5-4B81-BB9D-E3BA2A7C9FBE}.Release|Any CPU.Build.0 = Release|Any CPU
		{B9968AB5-16D5-4B81-BB9D-E3BA2A7C9FBE}.Release|ARM.ActiveCfg = Release|Any CPU
		{B9968AB5-16D5-4B81-BB9D-E3BA2A7C9FBE}.Release|ARM.Build.0 = Release|Any CPU
		{B9968AB5-16D5-4B81-BB9D-E3BA2A7C9FBE}.Release|iPhone.ActiveCfg = Release|Any CPU
		{B9968AB5-16D5-4B81-BB9D-E3BA2A7C9FBE}.Release|iPhone.Build.0 = Release|Any CPU
		{B9968AB5-16D5-4B81-BB9D-E3BA2A7C9FBE}.Release|iPhoneSimulator.ActiveCfg = Release|Any CPU
		{B9968AB5-16D5-4B81-BB9D-E3BA2A7C9FBE}.Release|iPhoneSimulator.Build.0 = Release|Any CPU
		{B9968AB5-16D5-4B81-BB9D-E3BA2A7C9FBE}.Release|x64.ActiveCfg = Release|Any CPU
		{B9968AB5-16D5-4B81-BB9D-E3BA2A7C9FBE}.Release|x64.Build.0 = Release|Any CPU
		{B9968AB5-16D5-4B81-BB9D-E3BA2A7C9FBE}.Release|x86.ActiveCfg = Release|Any CPU
		{B9968AB5-16D5-4B81-BB9D-E3BA2A7C9FBE}.Release|x86.Build.0 = Release|Any CPU
	EndGlobalSection
	GlobalSection(SolutionProperties) = preSolution
		HideSolutionNode = FALSE
	EndGlobalSection
	GlobalSection(NestedProjects) = preSolution
		{1B600A3C-E6CF-46A0-BC24-724F8DD2489B} = {3BBBD011-F4E2-4A33-B5E2-898484AD00A1}
		{B209F740-79E6-49BD-9B47-9218CA6F0588} = {3BBBD011-F4E2-4A33-B5E2-898484AD00A1}
		{DEC6E8F4-14D3-4D98-8FFA-01D6587774EE} = {3BBBD011-F4E2-4A33-B5E2-898484AD00A1}
		{07EAF3DE-3A1A-431A-9ABD-5521BB40FEE6} = {3BBBD011-F4E2-4A33-B5E2-898484AD00A1}
		{9A0E7A1F-18D3-4D57-B230-78D458143621} = {D09C9607-D7E8-424D-A9CD-15151B3C0B74}
		{E9832E62-2866-4792-AA05-6BCA6B993967} = {D09C9607-D7E8-424D-A9CD-15151B3C0B74}
		{3D8D7730-C4EF-428F-BBC5-22D31BC7F7E3} = {6F612D30-F789-4F72-8024-E02E4703333D}
		{17961CD9-DAAA-4259-8075-5D30D12716AF} = {6F612D30-F789-4F72-8024-E02E4703333D}
		{04A4DBF6-BB9C-4B79-AFE3-3B9702CC7FAA} = {6F612D30-F789-4F72-8024-E02E4703333D}
		{6F612D30-F789-4F72-8024-E02E4703333D} = {DA363090-851E-448F-8409-0B87FAFCB3BF}
		{8835C1A6-5EAF-485A-B002-F86F10B9BFD7} = {6F612D30-F789-4F72-8024-E02E4703333D}
		{C6AA4D1A-C1E2-4F68-A945-89C853B52546} = {DA363090-851E-448F-8409-0B87FAFCB3BF}
		{C2369662-B359-47B0-B21E-89F39E6C5168} = {C6AA4D1A-C1E2-4F68-A945-89C853B52546}
		{48317D17-ED72-41B5-B189-F9DADF3A2C86} = {C6AA4D1A-C1E2-4F68-A945-89C853B52546}
		{46913917-D118-4809-863B-4FBC86246379} = {C6AA4D1A-C1E2-4F68-A945-89C853B52546}
		{D72F8DC7-F97D-4184-94C8-8075F6314245} = {C6AA4D1A-C1E2-4F68-A945-89C853B52546}
		{B9968AB5-16D5-4B81-BB9D-E3BA2A7C9FBE} = {57C9D339-400B-4B46-A43A-A8CD0348A147}
	EndGlobalSection
	GlobalSection(ExtensibilityGlobals) = postSolution
		SolutionGuid = {D1EAE8B7-BE11-4863-BD48-F51382F2C99D}
	EndGlobalSection
EndGlobal
